// !$*UTF8*$!
{
	archiveVersion = 1;
	classes = {
	};
	objectVersion = 46;
	objects = {

/* Begin PBXBuildFile section */
		092354B313A1D7EB00DA740F /* CFNetwork.framework in Frameworks */ = {isa = PBXBuildFile; fileRef = 092354B213A1D7EB00DA740F /* CFNetwork.framework */; };
		092354B513A1D7F000DA740F /* SystemConfiguration.framework in Frameworks */ = {isa = PBXBuildFile; fileRef = 092354B413A1D7F000DA740F /* SystemConfiguration.framework */; };
		092354B713A1D83C00DA740F /* MobileCoreServices.framework in Frameworks */ = {isa = PBXBuildFile; fileRef = 092354B613A1D83C00DA740F /* MobileCoreServices.framework */; };
		095ACE8613C68EA300566243 /* AudioToolbox.framework in Frameworks */ = {isa = PBXBuildFile; fileRef = 095ACE8513C68EA300566243 /* AudioToolbox.framework */; };
		099CCEAD13F9E3760039A464 /* libz.1.1.3.dylib in Frameworks */ = {isa = PBXBuildFile; fileRef = 099CCEAC13F9E3760039A464 /* libz.1.1.3.dylib */; };
		09ABC07213A1D52D009C3FCF /* UIKit.framework in Frameworks */ = {isa = PBXBuildFile; fileRef = 09ABC07113A1D52D009C3FCF /* UIKit.framework */; };
		09ABC07413A1D52D009C3FCF /* Foundation.framework in Frameworks */ = {isa = PBXBuildFile; fileRef = 09ABC07313A1D52D009C3FCF /* Foundation.framework */; };
		09BEF34C13D51C3F001BBCDB /* Security.framework in Frameworks */ = {isa = PBXBuildFile; fileRef = 09BEF34B13D51C3F001BBCDB /* Security.framework */; };
		2FCDD6B014A573F500295AAC /* QuartzCore.framework in Frameworks */ = {isa = PBXBuildFile; fileRef = 2FCDD6AF14A573F500295AAC /* QuartzCore.framework */; };
		743D7B6D157DA60100084B67 /* CoreGraphics.framework in Frameworks */ = {isa = PBXBuildFile; fileRef = 743D7B6C157DA60100084B67 /* CoreGraphics.framework */; };
		BD01955F15CADE1B00D58D19 /* MBProgressHUD.m in Sources */ = {isa = PBXBuildFile; fileRef = BD01955E15CADE1B00D58D19 /* MBProgressHUD.m */; };
		BD031C4415E32790003A3F67 /* 3lines_highlighted@2x.png in Resources */ = {isa = PBXBuildFile; fileRef = BD031C4215E32790003A3F67 /* 3lines_highlighted@2x.png */; };
		BD031C4515E32790003A3F67 /* 3lines@2x.png in Resources */ = {isa = PBXBuildFile; fileRef = BD031C4315E32790003A3F67 /* 3lines@2x.png */; };
		BD031C4815E345B2003A3F67 /* balloon.png in Resources */ = {isa = PBXBuildFile; fileRef = BD031C4615E345AF003A3F67 /* balloon.png */; };
		BD031C4915E345B2003A3F67 /* balloon@2x.png in Resources */ = {isa = PBXBuildFile; fileRef = BD031C4715E345B0003A3F67 /* balloon@2x.png */; };
		BD19858115D5C9F400AE9590 /* facebook.png in Resources */ = {isa = PBXBuildFile; fileRef = BD19857F15D5C9F400AE9590 /* facebook.png */; };
		BD19858215D5C9F400AE9590 /* facebook@2x.png in Resources */ = {isa = PBXBuildFile; fileRef = BD19858015D5C9F400AE9590 /* facebook@2x.png */; };
		BD19859115D60EFE00AE9590 /* 3lines_highlighted.png in Resources */ = {isa = PBXBuildFile; fileRef = BD19858F15D60EFE00AE9590 /* 3lines_highlighted.png */; };
		BD19859215D60EFE00AE9590 /* 3lines.png in Resources */ = {isa = PBXBuildFile; fileRef = BD19859015D60EFE00AE9590 /* 3lines.png */; };
		BD19FDCC15D9F3A60083E65D /* ActivityNavButton.m in Sources */ = {isa = PBXBuildFile; fileRef = BD19FDCB15D9F3A60083E65D /* ActivityNavButton.m */; };
		BD19FDD315DA1D3D0083E65D /* TTTTimeIntervalFormatter.m in Sources */ = {isa = PBXBuildFile; fileRef = BD19FDD215DA1D3D0083E65D /* TTTTimeIntervalFormatter.m */; };
		BD3C1D2B15E4309D001EF030 /* Reachability.m in Sources */ = {isa = PBXBuildFile; fileRef = BD3C1D2A15E4309D001EF030 /* Reachability.m */; };
		BD3C1D2D15E47172001EF030 /* clear50.png in Resources */ = {isa = PBXBuildFile; fileRef = BD3C1D2C15E47172001EF030 /* clear50.png */; };
		BD48B60715C1B5060019C3A2 /* photo_placeholder.png in Resources */ = {isa = PBXBuildFile; fileRef = BD48B60615C1B5060019C3A2 /* photo_placeholder.png */; };
		BD4D507B15BDE19C007D6E3A /* AppDelegate.m in Sources */ = {isa = PBXBuildFile; fileRef = BD4D506015BDE19C007D6E3A /* AppDelegate.m */; };
		BD4D507C15BDE19C007D6E3A /* InfoPlist.strings in Resources */ = {isa = PBXBuildFile; fileRef = BD4D506115BDE19C007D6E3A /* InfoPlist.strings */; };
		BD4D507D15BDE19D007D6E3A /* MainWindow.xib in Resources */ = {isa = PBXBuildFile; fileRef = BD4D506315BDE19C007D6E3A /* MainWindow.xib */; };
		BD4D507E15BDE19D007D6E3A /* Entitlements.plist in Resources */ = {isa = PBXBuildFile; fileRef = BD4D506515BDE19C007D6E3A /* Entitlements.plist */; };
		BD4D507F15BDE19D007D6E3A /* main.m in Sources */ = {isa = PBXBuildFile; fileRef = BD4D506615BDE19C007D6E3A /* main.m */; };
		BD4D508315BDE19D007D6E3A /* VLMCell.m in Sources */ = {isa = PBXBuildFile; fileRef = BD4D506D15BDE19C007D6E3A /* VLMCell.m */; };
		BD4D508415BDE19D007D6E3A /* VLMFeedHeaderController.m in Sources */ = {isa = PBXBuildFile; fileRef = BD4D507015BDE19C007D6E3A /* VLMFeedHeaderController.m */; };
		BD4D508515BDE19D007D6E3A /* VLMFeedTableViewController.m in Sources */ = {isa = PBXBuildFile; fileRef = BD4D507215BDE19C007D6E3A /* VLMFeedTableViewController.m */; };
		BD4D508615BDE19D007D6E3A /* VLMFeedViewController.m in Sources */ = {isa = PBXBuildFile; fileRef = BD4D507415BDE19C007D6E3A /* VLMFeedViewController.m */; };
		BD4D508715BDE19D007D6E3A /* VLMFooterController.m in Sources */ = {isa = PBXBuildFile; fileRef = BD4D507615BDE19C007D6E3A /* VLMFooterController.m */; };
		BD4D508815BDE19D007D6E3A /* VLMSectionView.m in Sources */ = {isa = PBXBuildFile; fileRef = BD4D507815BDE19C007D6E3A /* VLMSectionView.m */; };
		BD4D508915BDE19D007D6E3A /* VLMTextButton.m in Sources */ = {isa = PBXBuildFile; fileRef = BD4D507A15BDE19C007D6E3A /* VLMTextButton.m */; };
		BD54C2DB15D3568700B73984 /* VLMCommentCell.m in Sources */ = {isa = PBXBuildFile; fileRef = BD54C2DA15D3568700B73984 /* VLMCommentCell.m */; };
		BD5E12F015E028F8004D557E /* VotesViewController.m in Sources */ = {isa = PBXBuildFile; fileRef = BD5E12EF15E028F8004D557E /* VotesViewController.m */; };
		BD647EF0162CA2CA00E93E24 /* Default-568h@2x.png in Resources */ = {isa = PBXBuildFile; fileRef = BD647EEF162CA2CA00E93E24 /* Default-568h@2x.png */; };
		BD648010162CDDA600E93E24 /* Parse.framework in Frameworks */ = {isa = PBXBuildFile; fileRef = BD64800F162CDDA600E93E24 /* Parse.framework */; };
		BD648012162CDE4600E93E24 /* Accounts.framework in Frameworks */ = {isa = PBXBuildFile; fileRef = BD648011162CDE4600E93E24 /* Accounts.framework */; settings = {ATTRIBUTES = (Weak, ); }; };
		BD648014162CDE5200E93E24 /* AdSupport.framework in Frameworks */ = {isa = PBXBuildFile; fileRef = BD648013162CDE5200E93E24 /* AdSupport.framework */; settings = {ATTRIBUTES = (Weak, ); }; };
		BD648017162CDFB700E93E24 /* Social.framework in Frameworks */ = {isa = PBXBuildFile; fileRef = BD648015162CDE5B00E93E24 /* Social.framework */; settings = {ATTRIBUTES = (Weak, ); }; };
		BD72B83915BE3AD20083CD4E /* VLMMainViewController.m in Sources */ = {isa = PBXBuildFile; fileRef = BD72B83815BE3AD20083CD4E /* VLMMainViewController.m */; };
		BD72B83F15BE59670083CD4E /* VLMAddButtonController.m in Sources */ = {isa = PBXBuildFile; fileRef = BD72B83E15BE59670083CD4E /* VLMAddButtonController.m */; };
		BD7998E215D654670070D759 /* skewed_print.png in Resources */ = {isa = PBXBuildFile; fileRef = BD7998E015D654670070D759 /* skewed_print.png */; };
		BD7998E515D6DB400070D759 /* ActivityViewController.m in Sources */ = {isa = PBXBuildFile; fileRef = BD7998E415D6DB400070D759 /* ActivityViewController.m */; };
		BD7998EE15D89FA50070D759 /* VLMActivityCell.m in Sources */ = {isa = PBXBuildFile; fileRef = BD7998ED15D89FA50070D759 /* VLMActivityCell.m */; };
		BD7F22C715C8718600598906 /* UIImage+ResizeAdditions.m in Sources */ = {isa = PBXBuildFile; fileRef = BD7F22C615C8718600598906 /* UIImage+ResizeAdditions.m */; };
		BD7F22CC15C871D500598906 /* UIImage+AlphaAdditions.m in Sources */ = {isa = PBXBuildFile; fileRef = BD7F22C915C871D500598906 /* UIImage+AlphaAdditions.m */; };
		BD7F22CD15C871D500598906 /* UIImage+RoundedCornerAdditions.m in Sources */ = {isa = PBXBuildFile; fileRef = BD7F22CB15C871D500598906 /* UIImage+RoundedCornerAdditions.m */; };
		BD84D24415DDF85700F8D007 /* subtlenet@2X.png in Resources */ = {isa = PBXBuildFile; fileRef = BD84D24315DDF85700F8D007 /* subtlenet@2X.png */; };
		BD8891DC15C0605400C1615C /* vote_button_selected.png in Resources */ = {isa = PBXBuildFile; fileRef = BD8891DA15C0605400C1615C /* vote_button_selected.png */; };
		BD8891DD15C0605400C1615C /* vote_button_normal.png in Resources */ = {isa = PBXBuildFile; fileRef = BD8891DB15C0605400C1615C /* vote_button_normal.png */; };
		BD90FFF215BE7B6D004621E8 /* subtlenet.png in Resources */ = {isa = PBXBuildFile; fileRef = BD90FFF115BE7B6D004621E8 /* subtlenet.png */; };
		BD92EF4815E04D5700FAC490 /* FollowerController.m in Sources */ = {isa = PBXBuildFile; fileRef = BD92EF4715E04D5700FAC490 /* FollowerController.m */; };
		BD92EF5015E061D900FAC490 /* FollowCell.m in Sources */ = {isa = PBXBuildFile; fileRef = BD92EF4F15E061D900FAC490 /* FollowCell.m */; };
		BD94B29715C0F73500DCC8DA /* UIPlaceholderTextView.m in Sources */ = {isa = PBXBuildFile; fileRef = BD94B29615C0F73500DCC8DA /* UIPlaceholderTextView.m */; };
		BD990D7615EF16E5007A5480 /* logout.png in Resources */ = {isa = PBXBuildFile; fileRef = BD990D7415EF16E5007A5480 /* logout.png */; };
		BD990D7715EF16E5007A5480 /* logout@2x.png in Resources */ = {isa = PBXBuildFile; fileRef = BD990D7515EF16E5007A5480 /* logout@2x.png */; };
		BD990D8215EF222B007A5480 /* MapKit.framework in Frameworks */ = {isa = PBXBuildFile; fileRef = BD990D8115EF222B007A5480 /* MapKit.framework */; };
		BD9FF75715EFD0FB000949D8 /* libsqlite3.dylib in Frameworks */ = {isa = PBXBuildFile; fileRef = BD9FF75615EFD0FB000949D8 /* libsqlite3.dylib */; };
		BDAC93D915D1CFE0008B820F /* VLMPollDetailController.m in Sources */ = {isa = PBXBuildFile; fileRef = BDAC93D815D1CFE0008B820F /* VLMPollDetailController.m */; };
		BDAC93DC15D1CFFC008B820F /* VLMUserDetailController.m in Sources */ = {isa = PBXBuildFile; fileRef = BDAC93DB15D1CFFB008B820F /* VLMUserDetailController.m */; };
		BDAC93E015D2009B008B820F /* gray_header_background.png in Resources */ = {isa = PBXBuildFile; fileRef = BDAC93DF15D2009B008B820F /* gray_header_background.png */; };
		BDAC93E815D2030F008B820F /* debuggrid.png in Resources */ = {isa = PBXBuildFile; fileRef = BDAC93E715D2030F008B820F /* debuggrid.png */; };
		BDB1486915EF3E4B004C25BD /* connection.png in Resources */ = {isa = PBXBuildFile; fileRef = BDB1486715EF3E4B004C25BD /* connection.png */; };
		BDB1486A15EF3E4B004C25BD /* connection@2x.png in Resources */ = {isa = PBXBuildFile; fileRef = BDB1486815EF3E4B004C25BD /* connection@2x.png */; };
		BDB1486E15EF3F40004C25BD /* error.png in Resources */ = {isa = PBXBuildFile; fileRef = BDB1486C15EF3F40004C25BD /* error.png */; };
		BDB1486F15EF3F40004C25BD /* error@2x.png in Resources */ = {isa = PBXBuildFile; fileRef = BDB1486D15EF3F40004C25BD /* error@2x.png */; };
		BDC09F3815BF633000349761 /* VLMAddViewController.m in Sources */ = {isa = PBXBuildFile; fileRef = BDC09F3715BF633000349761 /* VLMAddViewController.m */; };
		BDC29A2F15C1EC0B00596546 /* photo_placeholder@2x.png in Resources */ = {isa = PBXBuildFile; fileRef = BDC29A2E15C1EC0B00596546 /* photo_placeholder@2x.png */; };
		BDC29A3215C1EC6700596546 /* vote_button_normal@2x.png in Resources */ = {isa = PBXBuildFile; fileRef = BDC29A3015C1EC6700596546 /* vote_button_normal@2x.png */; };
		BDC29A3315C1EC6700596546 /* vote_button_selected@2x.png in Resources */ = {isa = PBXBuildFile; fileRef = BDC29A3115C1EC6700596546 /* vote_button_selected@2x.png */; };
		BDC29A3615C1FFBE00596546 /* leica@2x.png in Resources */ = {isa = PBXBuildFile; fileRef = BDC29A3415C1FFBE00596546 /* leica@2x.png */; };
		BDC29A3715C1FFBE00596546 /* leica.png in Resources */ = {isa = PBXBuildFile; fileRef = BDC29A3515C1FFBE00596546 /* leica.png */; };
		BDCBDC8215E4A7C000608D76 /* plus.png in Resources */ = {isa = PBXBuildFile; fileRef = BDCBDC8015E4A7C000608D76 /* plus.png */; };
		BDCBDC8315E4A7C000608D76 /* plus@2x.png in Resources */ = {isa = PBXBuildFile; fileRef = BDCBDC8115E4A7C000608D76 /* plus@2x.png */; };
		BDCFED3515C3845D0089A77E /* clear.png in Resources */ = {isa = PBXBuildFile; fileRef = BDCFED3415C3845D0089A77E /* clear.png */; };
		BDD0F8CA15CB723A00ACAB23 /* VLMCache.m in Sources */ = {isa = PBXBuildFile; fileRef = BDD0F8C915CB723A00ACAB23 /* VLMCache.m */; };
		BDDE1E4B164E3D47002E445A /* MapViewController.m in Sources */ = {isa = PBXBuildFile; fileRef = BDDE1E4A164E3D47002E445A /* MapViewController.m */; };
		BDE469CD15E4D04800DFF0CC /* triangle.png in Resources */ = {isa = PBXBuildFile; fileRef = BDE469CB15E4D04800DFF0CC /* triangle.png */; };
		BDE469CE15E4D04800DFF0CC /* triangle@2x.png in Resources */ = {isa = PBXBuildFile; fileRef = BDE469CC15E4D04800DFF0CC /* triangle@2x.png */; };
		BDE975C015EDEBAA00FBA535 /* Default.png in Resources */ = {isa = PBXBuildFile; fileRef = BDE975BF15EDEBA900FBA535 /* Default.png */; };
		BDE975C215EDEBAD00FBA535 /* Default@2x.png in Resources */ = {isa = PBXBuildFile; fileRef = BDE975C115EDEBAD00FBA535 /* Default@2x.png */; };
		BDEA531515EB1BB900F1A8E2 /* plus_highlight.png in Resources */ = {isa = PBXBuildFile; fileRef = BDEA531315EB1BB900F1A8E2 /* plus_highlight.png */; };
		BDEA531615EB1BB900F1A8E2 /* plus_highlight@2x.png in Resources */ = {isa = PBXBuildFile; fileRef = BDEA531415EB1BB900F1A8E2 /* plus_highlight@2x.png */; };
		BDEA532015EC31A500F1A8E2 /* DDPageControl.m in Sources */ = {isa = PBXBuildFile; fileRef = BDEA531F15EC31A500F1A8E2 /* DDPageControl.m */; };
		BDEA532815EC979E00F1A8E2 /* Icon.png in Resources */ = {isa = PBXBuildFile; fileRef = BDEA532715EC979E00F1A8E2 /* Icon.png */; };
		BDEA532A15EC97A900F1A8E2 /* Icon@2x.png in Resources */ = {isa = PBXBuildFile; fileRef = BDEA532915EC97A900F1A8E2 /* Icon@2x.png */; };
		BDEB7A1615D09D51003BC4E3 /* LoadMoreCell.m in Sources */ = {isa = PBXBuildFile; fileRef = BDEB7A1515D09D51003BC4E3 /* LoadMoreCell.m */; };
		BDEB7A2015D0F222003BC4E3 /* UIViewController+Transitions.m in Sources */ = {isa = PBXBuildFile; fileRef = BDEB7A1F15D0F222003BC4E3 /* UIViewController+Transitions.m */; };
		BDF1375915EFD94E0026ED2C /* REVAnnotationsCollection.m in Sources */ = {isa = PBXBuildFile; fileRef = BDF1374F15EFD94E0026ED2C /* REVAnnotationsCollection.m */; };
		BDF1375A15EFD94E0026ED2C /* REVClusterBlock.m in Sources */ = {isa = PBXBuildFile; fileRef = BDF1375115EFD94E0026ED2C /* REVClusterBlock.m */; };
		BDF1375B15EFD94E0026ED2C /* REVClusterManager.m in Sources */ = {isa = PBXBuildFile; fileRef = BDF1375315EFD94E0026ED2C /* REVClusterManager.m */; };
		BDF1375C15EFD94E0026ED2C /* REVClusterMapView.m in Sources */ = {isa = PBXBuildFile; fileRef = BDF1375615EFD94E0026ED2C /* REVClusterMapView.m */; };
		BDF1375D15EFD94E0026ED2C /* REVClusterPin.m in Sources */ = {isa = PBXBuildFile; fileRef = BDF1375815EFD94E0026ED2C /* REVClusterPin.m */; };
		BDF1376315EFE7080026ED2C /* cluster.png in Resources */ = {isa = PBXBuildFile; fileRef = BDF1375F15EFE7080026ED2C /* cluster.png */; };
		BDF1376415EFE7080026ED2C /* cluster@2x.png in Resources */ = {isa = PBXBuildFile; fileRef = BDF1376015EFE7080026ED2C /* cluster@2x.png */; };
		BDF1376515EFE7080026ED2C /* pinpoint.png in Resources */ = {isa = PBXBuildFile; fileRef = BDF1376115EFE7080026ED2C /* pinpoint.png */; };
		BDF1376615EFE7080026ED2C /* pinpoint@2x.png in Resources */ = {isa = PBXBuildFile; fileRef = BDF1376215EFE7080026ED2C /* pinpoint@2x.png */; };
		BDF1376915EFE8CA0026ED2C /* REVClusterAnnotationView.m in Sources */ = {isa = PBXBuildFile; fileRef = BDF1376815EFE8CA0026ED2C /* REVClusterAnnotationView.m */; };
		BDF8C33B15F67002002596EA /* libTestFlight.a in Frameworks */ = {isa = PBXBuildFile; fileRef = BDF8C33A15F67002002596EA /* libTestFlight.a */; };
		BDFAC8FD15C9F980001A15B5 /* VLMUtility.m in Sources */ = {isa = PBXBuildFile; fileRef = BDFAC8FC15C9F980001A15B5 /* VLMUtility.m */; };
		BDFCDCE615C3972E0086DE95 /* UINavigationBar+Fat.m in Sources */ = {isa = PBXBuildFile; fileRef = BDFCDCE415C3972E0086DE95 /* UINavigationBar+Fat.m */; };
		BDFE7FDA15D4B00B00D577E2 /* vote_button_disabled@2x.png in Resources */ = {isa = PBXBuildFile; fileRef = BDFE7FD815D4B00B00D577E2 /* vote_button_disabled@2x.png */; };
		BDFE7FDB15D4B00B00D577E2 /* vote_button_disabled.png in Resources */ = {isa = PBXBuildFile; fileRef = BDFE7FD915D4B00B00D577E2 /* vote_button_disabled.png */; };
/* End PBXBuildFile section */

/* Begin PBXFileReference section */
		092354B213A1D7EB00DA740F /* CFNetwork.framework */ = {isa = PBXFileReference; lastKnownFileType = wrapper.framework; name = CFNetwork.framework; path = System/Library/Frameworks/CFNetwork.framework; sourceTree = SDKROOT; };
		092354B413A1D7F000DA740F /* SystemConfiguration.framework */ = {isa = PBXFileReference; lastKnownFileType = wrapper.framework; name = SystemConfiguration.framework; path = System/Library/Frameworks/SystemConfiguration.framework; sourceTree = SDKROOT; };
		092354B613A1D83C00DA740F /* MobileCoreServices.framework */ = {isa = PBXFileReference; lastKnownFileType = wrapper.framework; name = MobileCoreServices.framework; path = System/Library/Frameworks/MobileCoreServices.framework; sourceTree = SDKROOT; };
		095ACE8513C68EA300566243 /* AudioToolbox.framework */ = {isa = PBXFileReference; lastKnownFileType = wrapper.framework; name = AudioToolbox.framework; path = System/Library/Frameworks/AudioToolbox.framework; sourceTree = SDKROOT; };
		099CCEAC13F9E3760039A464 /* libz.1.1.3.dylib */ = {isa = PBXFileReference; lastKnownFileType = "compiled.mach-o.dylib"; name = libz.1.1.3.dylib; path = usr/lib/libz.1.1.3.dylib; sourceTree = SDKROOT; };
		09ABC06D13A1D52D009C3FCF /* A or B.app */ = {isa = PBXFileReference; explicitFileType = wrapper.application; includeInIndex = 0; path = "A or B.app"; sourceTree = BUILT_PRODUCTS_DIR; };
		09ABC07113A1D52D009C3FCF /* UIKit.framework */ = {isa = PBXFileReference; lastKnownFileType = wrapper.framework; name = UIKit.framework; path = System/Library/Frameworks/UIKit.framework; sourceTree = SDKROOT; };
		09ABC07313A1D52D009C3FCF /* Foundation.framework */ = {isa = PBXFileReference; lastKnownFileType = wrapper.framework; name = Foundation.framework; path = System/Library/Frameworks/Foundation.framework; sourceTree = SDKROOT; };
		09BEF34B13D51C3F001BBCDB /* Security.framework */ = {isa = PBXFileReference; lastKnownFileType = wrapper.framework; name = Security.framework; path = System/Library/Frameworks/Security.framework; sourceTree = SDKROOT; };
		2FCDD6AF14A573F500295AAC /* QuartzCore.framework */ = {isa = PBXFileReference; lastKnownFileType = wrapper.framework; name = QuartzCore.framework; path = System/Library/Frameworks/QuartzCore.framework; sourceTree = SDKROOT; };
		743D7B6C157DA60100084B67 /* CoreGraphics.framework */ = {isa = PBXFileReference; lastKnownFileType = wrapper.framework; name = CoreGraphics.framework; path = System/Library/Frameworks/CoreGraphics.framework; sourceTree = SDKROOT; };
		BD01955D15CADE1B00D58D19 /* MBProgressHUD.h */ = {isa = PBXFileReference; fileEncoding = 4; lastKnownFileType = sourcecode.c.h; path = MBProgressHUD.h; sourceTree = "<group>"; };
		BD01955E15CADE1B00D58D19 /* MBProgressHUD.m */ = {isa = PBXFileReference; fileEncoding = 4; lastKnownFileType = sourcecode.c.objc; path = MBProgressHUD.m; sourceTree = "<group>"; };
		BD031C4215E32790003A3F67 /* 3lines_highlighted@2x.png */ = {isa = PBXFileReference; lastKnownFileType = image.png; path = "3lines_highlighted@2x.png"; sourceTree = "<group>"; };
		BD031C4315E32790003A3F67 /* 3lines@2x.png */ = {isa = PBXFileReference; lastKnownFileType = image.png; path = "3lines@2x.png"; sourceTree = "<group>"; };
		BD031C4615E345AF003A3F67 /* balloon.png */ = {isa = PBXFileReference; lastKnownFileType = image.png; path = balloon.png; sourceTree = "<group>"; };
		BD031C4715E345B0003A3F67 /* balloon@2x.png */ = {isa = PBXFileReference; lastKnownFileType = image.png; path = "balloon@2x.png"; sourceTree = "<group>"; };
		BD19857F15D5C9F400AE9590 /* facebook.png */ = {isa = PBXFileReference; lastKnownFileType = image.png; path = facebook.png; sourceTree = "<group>"; };
		BD19858015D5C9F400AE9590 /* facebook@2x.png */ = {isa = PBXFileReference; lastKnownFileType = image.png; path = "facebook@2x.png"; sourceTree = "<group>"; };
		BD19858F15D60EFE00AE9590 /* 3lines_highlighted.png */ = {isa = PBXFileReference; lastKnownFileType = image.png; path = 3lines_highlighted.png; sourceTree = "<group>"; };
		BD19859015D60EFE00AE9590 /* 3lines.png */ = {isa = PBXFileReference; lastKnownFileType = image.png; path = 3lines.png; sourceTree = "<group>"; };
		BD19FDCA15D9F3A60083E65D /* ActivityNavButton.h */ = {isa = PBXFileReference; fileEncoding = 4; lastKnownFileType = sourcecode.c.h; path = ActivityNavButton.h; sourceTree = "<group>"; };
		BD19FDCB15D9F3A60083E65D /* ActivityNavButton.m */ = {isa = PBXFileReference; fileEncoding = 4; lastKnownFileType = sourcecode.c.objc; path = ActivityNavButton.m; sourceTree = "<group>"; };
		BD19FDD115DA1D3D0083E65D /* TTTTimeIntervalFormatter.h */ = {isa = PBXFileReference; fileEncoding = 4; lastKnownFileType = sourcecode.c.h; name = TTTTimeIntervalFormatter.h; path = ThisVersusThat/TTTTimeIntervalFormatter.h; sourceTree = "<group>"; };
		BD19FDD215DA1D3D0083E65D /* TTTTimeIntervalFormatter.m */ = {isa = PBXFileReference; fileEncoding = 4; lastKnownFileType = sourcecode.c.objc; name = TTTTimeIntervalFormatter.m; path = ThisVersusThat/TTTTimeIntervalFormatter.m; sourceTree = "<group>"; };
		BD3C1D2915E4309D001EF030 /* Reachability.h */ = {isa = PBXFileReference; fileEncoding = 4; lastKnownFileType = sourcecode.c.h; path = Reachability.h; sourceTree = "<group>"; };
		BD3C1D2A15E4309D001EF030 /* Reachability.m */ = {isa = PBXFileReference; fileEncoding = 4; lastKnownFileType = sourcecode.c.objc; path = Reachability.m; sourceTree = "<group>"; };
		BD3C1D2C15E47172001EF030 /* clear50.png */ = {isa = PBXFileReference; lastKnownFileType = image.png; path = clear50.png; sourceTree = "<group>"; };
		BD48B60615C1B5060019C3A2 /* photo_placeholder.png */ = {isa = PBXFileReference; lastKnownFileType = image.png; path = photo_placeholder.png; sourceTree = "<group>"; };
		BD4D505F15BDE19C007D6E3A /* AppDelegate.h */ = {isa = PBXFileReference; fileEncoding = 4; lastKnownFileType = sourcecode.c.h; path = AppDelegate.h; sourceTree = "<group>"; };
		BD4D506015BDE19C007D6E3A /* AppDelegate.m */ = {isa = PBXFileReference; fileEncoding = 4; lastKnownFileType = sourcecode.c.objc; path = AppDelegate.m; sourceTree = "<group>"; };
		BD4D506215BDE19C007D6E3A /* en */ = {isa = PBXFileReference; lastKnownFileType = text.plist.strings; name = en; path = en.lproj/InfoPlist.strings; sourceTree = "<group>"; };
		BD4D506415BDE19C007D6E3A /* en */ = {isa = PBXFileReference; lastKnownFileType = file.xib; name = en; path = en.lproj/MainWindow.xib; sourceTree = "<group>"; };
		BD4D506515BDE19C007D6E3A /* Entitlements.plist */ = {isa = PBXFileReference; fileEncoding = 4; lastKnownFileType = text.plist.xml; path = Entitlements.plist; sourceTree = "<group>"; };
		BD4D506615BDE19C007D6E3A /* main.m */ = {isa = PBXFileReference; fileEncoding = 4; lastKnownFileType = sourcecode.c.objc; path = main.m; sourceTree = "<group>"; };
		BD4D506A15BDE19C007D6E3A /* ThisVersusThat-Info.plist */ = {isa = PBXFileReference; fileEncoding = 4; lastKnownFileType = text.plist.xml; path = "ThisVersusThat-Info.plist"; sourceTree = "<group>"; };
		BD4D506B15BDE19C007D6E3A /* ThisVersusThat-Prefix.pch */ = {isa = PBXFileReference; fileEncoding = 4; lastKnownFileType = sourcecode.c.h; path = "ThisVersusThat-Prefix.pch"; sourceTree = "<group>"; };
		BD4D506C15BDE19C007D6E3A /* VLMCell.h */ = {isa = PBXFileReference; fileEncoding = 4; lastKnownFileType = sourcecode.c.h; path = VLMCell.h; sourceTree = "<group>"; };
		BD4D506D15BDE19C007D6E3A /* VLMCell.m */ = {isa = PBXFileReference; fileEncoding = 4; lastKnownFileType = sourcecode.c.objc; path = VLMCell.m; sourceTree = "<group>"; };
		BD4D506E15BDE19C007D6E3A /* VLMConstants.h */ = {isa = PBXFileReference; fileEncoding = 4; lastKnownFileType = sourcecode.c.h; path = VLMConstants.h; sourceTree = "<group>"; };
		BD4D506F15BDE19C007D6E3A /* VLMFeedHeaderController.h */ = {isa = PBXFileReference; fileEncoding = 4; lastKnownFileType = sourcecode.c.h; path = VLMFeedHeaderController.h; sourceTree = "<group>"; };
		BD4D507015BDE19C007D6E3A /* VLMFeedHeaderController.m */ = {isa = PBXFileReference; fileEncoding = 4; lastKnownFileType = sourcecode.c.objc; path = VLMFeedHeaderController.m; sourceTree = "<group>"; };
		BD4D507115BDE19C007D6E3A /* VLMFeedTableViewController.h */ = {isa = PBXFileReference; fileEncoding = 4; lastKnownFileType = sourcecode.c.h; path = VLMFeedTableViewController.h; sourceTree = "<group>"; };
		BD4D507215BDE19C007D6E3A /* VLMFeedTableViewController.m */ = {isa = PBXFileReference; fileEncoding = 4; lastKnownFileType = sourcecode.c.objc; path = VLMFeedTableViewController.m; sourceTree = "<group>"; };
		BD4D507315BDE19C007D6E3A /* VLMFeedViewController.h */ = {isa = PBXFileReference; fileEncoding = 4; lastKnownFileType = sourcecode.c.h; path = VLMFeedViewController.h; sourceTree = "<group>"; };
		BD4D507415BDE19C007D6E3A /* VLMFeedViewController.m */ = {isa = PBXFileReference; fileEncoding = 4; lastKnownFileType = sourcecode.c.objc; path = VLMFeedViewController.m; sourceTree = "<group>"; };
		BD4D507515BDE19C007D6E3A /* VLMFooterController.h */ = {isa = PBXFileReference; fileEncoding = 4; lastKnownFileType = sourcecode.c.h; path = VLMFooterController.h; sourceTree = "<group>"; };
		BD4D507615BDE19C007D6E3A /* VLMFooterController.m */ = {isa = PBXFileReference; fileEncoding = 4; lastKnownFileType = sourcecode.c.objc; path = VLMFooterController.m; sourceTree = "<group>"; };
		BD4D507715BDE19C007D6E3A /* VLMSectionView.h */ = {isa = PBXFileReference; fileEncoding = 4; lastKnownFileType = sourcecode.c.h; path = VLMSectionView.h; sourceTree = "<group>"; };
		BD4D507815BDE19C007D6E3A /* VLMSectionView.m */ = {isa = PBXFileReference; fileEncoding = 4; lastKnownFileType = sourcecode.c.objc; path = VLMSectionView.m; sourceTree = "<group>"; };
		BD4D507915BDE19C007D6E3A /* VLMTextButton.h */ = {isa = PBXFileReference; fileEncoding = 4; lastKnownFileType = sourcecode.c.h; path = VLMTextButton.h; sourceTree = "<group>"; };
		BD4D507A15BDE19C007D6E3A /* VLMTextButton.m */ = {isa = PBXFileReference; fileEncoding = 4; lastKnownFileType = sourcecode.c.objc; path = VLMTextButton.m; sourceTree = "<group>"; };
		BD54C2D915D3568700B73984 /* VLMCommentCell.h */ = {isa = PBXFileReference; fileEncoding = 4; lastKnownFileType = sourcecode.c.h; path = VLMCommentCell.h; sourceTree = "<group>"; };
		BD54C2DA15D3568700B73984 /* VLMCommentCell.m */ = {isa = PBXFileReference; fileEncoding = 4; lastKnownFileType = sourcecode.c.objc; path = VLMCommentCell.m; sourceTree = "<group>"; };
		BD5E12EE15E028F8004D557E /* VotesViewController.h */ = {isa = PBXFileReference; fileEncoding = 4; lastKnownFileType = sourcecode.c.h; path = VotesViewController.h; sourceTree = "<group>"; };
		BD5E12EF15E028F8004D557E /* VotesViewController.m */ = {isa = PBXFileReference; fileEncoding = 4; lastKnownFileType = sourcecode.c.objc; path = VotesViewController.m; sourceTree = "<group>"; };
		BD647EEF162CA2CA00E93E24 /* Default-568h@2x.png */ = {isa = PBXFileReference; lastKnownFileType = image.png; path = "Default-568h@2x.png"; sourceTree = "<group>"; };
		BD64800F162CDDA600E93E24 /* Parse.framework */ = {isa = PBXFileReference; lastKnownFileType = wrapper.framework; path = Parse.framework; sourceTree = "<group>"; };
		BD648011162CDE4600E93E24 /* Accounts.framework */ = {isa = PBXFileReference; lastKnownFileType = wrapper.framework; name = Accounts.framework; path = System/Library/Frameworks/Accounts.framework; sourceTree = SDKROOT; };
		BD648013162CDE5200E93E24 /* AdSupport.framework */ = {isa = PBXFileReference; lastKnownFileType = wrapper.framework; name = AdSupport.framework; path = System/Library/Frameworks/AdSupport.framework; sourceTree = SDKROOT; };
		BD648015162CDE5B00E93E24 /* Social.framework */ = {isa = PBXFileReference; lastKnownFileType = wrapper.framework; name = Social.framework; path = System/Library/Frameworks/Social.framework; sourceTree = SDKROOT; };
		BD72B83715BE3AD20083CD4E /* VLMMainViewController.h */ = {isa = PBXFileReference; fileEncoding = 4; lastKnownFileType = sourcecode.c.h; path = VLMMainViewController.h; sourceTree = "<group>"; };
		BD72B83815BE3AD20083CD4E /* VLMMainViewController.m */ = {isa = PBXFileReference; fileEncoding = 4; lastKnownFileType = sourcecode.c.objc; path = VLMMainViewController.m; sourceTree = "<group>"; };
		BD72B83D15BE59670083CD4E /* VLMAddButtonController.h */ = {isa = PBXFileReference; fileEncoding = 4; lastKnownFileType = sourcecode.c.h; path = VLMAddButtonController.h; sourceTree = "<group>"; };
		BD72B83E15BE59670083CD4E /* VLMAddButtonController.m */ = {isa = PBXFileReference; fileEncoding = 4; lastKnownFileType = sourcecode.c.objc; path = VLMAddButtonController.m; sourceTree = "<group>"; };
		BD7998D615D632C20070D759 /* VLMGenericTapDelegate.h */ = {isa = PBXFileReference; fileEncoding = 4; lastKnownFileType = sourcecode.c.h; path = VLMGenericTapDelegate.h; sourceTree = "<group>"; };
		BD7998E015D654670070D759 /* skewed_print.png */ = {isa = PBXFileReference; lastKnownFileType = image.png; path = skewed_print.png; sourceTree = "<group>"; };
		BD7998E315D6DB3F0070D759 /* ActivityViewController.h */ = {isa = PBXFileReference; fileEncoding = 4; lastKnownFileType = sourcecode.c.h; path = ActivityViewController.h; sourceTree = "<group>"; };
		BD7998E415D6DB400070D759 /* ActivityViewController.m */ = {isa = PBXFileReference; fileEncoding = 4; lastKnownFileType = sourcecode.c.objc; path = ActivityViewController.m; sourceTree = "<group>"; };
		BD7998EC15D89FA50070D759 /* VLMActivityCell.h */ = {isa = PBXFileReference; fileEncoding = 4; lastKnownFileType = sourcecode.c.h; path = VLMActivityCell.h; sourceTree = "<group>"; };
		BD7998ED15D89FA50070D759 /* VLMActivityCell.m */ = {isa = PBXFileReference; fileEncoding = 4; lastKnownFileType = sourcecode.c.objc; path = VLMActivityCell.m; sourceTree = "<group>"; };
		BD7F22C515C8718600598906 /* UIImage+ResizeAdditions.h */ = {isa = PBXFileReference; fileEncoding = 4; lastKnownFileType = sourcecode.c.h; name = "UIImage+ResizeAdditions.h"; path = "ThisVersusThat/UIImage+ResizeAdditions.h"; sourceTree = "<group>"; };
		BD7F22C615C8718600598906 /* UIImage+ResizeAdditions.m */ = {isa = PBXFileReference; fileEncoding = 4; lastKnownFileType = sourcecode.c.objc; name = "UIImage+ResizeAdditions.m"; path = "ThisVersusThat/UIImage+ResizeAdditions.m"; sourceTree = "<group>"; };
		BD7F22C815C871D500598906 /* UIImage+AlphaAdditions.h */ = {isa = PBXFileReference; fileEncoding = 4; lastKnownFileType = sourcecode.c.h; name = "UIImage+AlphaAdditions.h"; path = "ThisVersusThat/UIImage+AlphaAdditions.h"; sourceTree = "<group>"; };
		BD7F22C915C871D500598906 /* UIImage+AlphaAdditions.m */ = {isa = PBXFileReference; fileEncoding = 4; lastKnownFileType = sourcecode.c.objc; name = "UIImage+AlphaAdditions.m"; path = "ThisVersusThat/UIImage+AlphaAdditions.m"; sourceTree = "<group>"; };
		BD7F22CA15C871D500598906 /* UIImage+RoundedCornerAdditions.h */ = {isa = PBXFileReference; fileEncoding = 4; lastKnownFileType = sourcecode.c.h; name = "UIImage+RoundedCornerAdditions.h"; path = "ThisVersusThat/UIImage+RoundedCornerAdditions.h"; sourceTree = "<group>"; };
		BD7F22CB15C871D500598906 /* UIImage+RoundedCornerAdditions.m */ = {isa = PBXFileReference; fileEncoding = 4; lastKnownFileType = sourcecode.c.objc; name = "UIImage+RoundedCornerAdditions.m"; path = "ThisVersusThat/UIImage+RoundedCornerAdditions.m"; sourceTree = "<group>"; };
		BD84D24315DDF85700F8D007 /* subtlenet@2X.png */ = {isa = PBXFileReference; lastKnownFileType = image.png; path = "subtlenet@2X.png"; sourceTree = "<group>"; };
		BD8891DA15C0605400C1615C /* vote_button_selected.png */ = {isa = PBXFileReference; lastKnownFileType = image.png; path = vote_button_selected.png; sourceTree = "<group>"; };
		BD8891DB15C0605400C1615C /* vote_button_normal.png */ = {isa = PBXFileReference; lastKnownFileType = image.png; path = vote_button_normal.png; sourceTree = "<group>"; };
		BD90FFF115BE7B6D004621E8 /* subtlenet.png */ = {isa = PBXFileReference; lastKnownFileType = image.png; path = subtlenet.png; sourceTree = "<group>"; };
		BD92EF4615E04D5700FAC490 /* FollowerController.h */ = {isa = PBXFileReference; fileEncoding = 4; lastKnownFileType = sourcecode.c.h; path = FollowerController.h; sourceTree = "<group>"; };
		BD92EF4715E04D5700FAC490 /* FollowerController.m */ = {isa = PBXFileReference; fileEncoding = 4; lastKnownFileType = sourcecode.c.objc; path = FollowerController.m; sourceTree = "<group>"; };
		BD92EF4E15E061D900FAC490 /* FollowCell.h */ = {isa = PBXFileReference; fileEncoding = 4; lastKnownFileType = sourcecode.c.h; path = FollowCell.h; sourceTree = "<group>"; };
		BD92EF4F15E061D900FAC490 /* FollowCell.m */ = {isa = PBXFileReference; fileEncoding = 4; lastKnownFileType = sourcecode.c.objc; path = FollowCell.m; sourceTree = "<group>"; };
		BD94B29515C0F73400DCC8DA /* UIPlaceholderTextView.h */ = {isa = PBXFileReference; fileEncoding = 4; lastKnownFileType = sourcecode.c.h; name = UIPlaceholderTextView.h; path = ThisVersusThat/UIPlaceholderTextView.h; sourceTree = "<group>"; };
		BD94B29615C0F73500DCC8DA /* UIPlaceholderTextView.m */ = {isa = PBXFileReference; fileEncoding = 4; lastKnownFileType = sourcecode.c.objc; name = UIPlaceholderTextView.m; path = ThisVersusThat/UIPlaceholderTextView.m; sourceTree = "<group>"; };
		BD990D7415EF16E5007A5480 /* logout.png */ = {isa = PBXFileReference; lastKnownFileType = image.png; path = logout.png; sourceTree = "<group>"; };
		BD990D7515EF16E5007A5480 /* logout@2x.png */ = {isa = PBXFileReference; lastKnownFileType = image.png; path = "logout@2x.png"; sourceTree = "<group>"; };
		BD990D8115EF222B007A5480 /* MapKit.framework */ = {isa = PBXFileReference; lastKnownFileType = wrapper.framework; name = MapKit.framework; path = System/Library/Frameworks/MapKit.framework; sourceTree = SDKROOT; };
		BD9FF75615EFD0FB000949D8 /* libsqlite3.dylib */ = {isa = PBXFileReference; lastKnownFileType = "compiled.mach-o.dylib"; name = libsqlite3.dylib; path = usr/lib/libsqlite3.dylib; sourceTree = SDKROOT; };
		BDAC93D015D193AC008B820F /* VLMFeedHeaderDelegate.h */ = {isa = PBXFileReference; lastKnownFileType = sourcecode.c.h; path = VLMFeedHeaderDelegate.h; sourceTree = "<group>"; };
		BDAC93D115D1A1AC008B820F /* VLMTapDelegate.h */ = {isa = PBXFileReference; fileEncoding = 4; lastKnownFileType = sourcecode.c.h; path = VLMTapDelegate.h; sourceTree = "<group>"; };
		BDAC93D215D1AED2008B820F /* VLMPopModalDelegate.h */ = {isa = PBXFileReference; fileEncoding = 4; lastKnownFileType = sourcecode.c.h; path = VLMPopModalDelegate.h; sourceTree = "<group>"; };
		BDAC93D715D1CFE0008B820F /* VLMPollDetailController.h */ = {isa = PBXFileReference; fileEncoding = 4; lastKnownFileType = sourcecode.c.h; path = VLMPollDetailController.h; sourceTree = "<group>"; };
		BDAC93D815D1CFE0008B820F /* VLMPollDetailController.m */ = {isa = PBXFileReference; fileEncoding = 4; lastKnownFileType = sourcecode.c.objc; path = VLMPollDetailController.m; sourceTree = "<group>"; };
		BDAC93DA15D1CFFB008B820F /* VLMUserDetailController.h */ = {isa = PBXFileReference; fileEncoding = 4; lastKnownFileType = sourcecode.c.h; path = VLMUserDetailController.h; sourceTree = "<group>"; };
		BDAC93DB15D1CFFB008B820F /* VLMUserDetailController.m */ = {isa = PBXFileReference; fileEncoding = 4; lastKnownFileType = sourcecode.c.objc; path = VLMUserDetailController.m; sourceTree = "<group>"; };
		BDAC93DF15D2009B008B820F /* gray_header_background.png */ = {isa = PBXFileReference; lastKnownFileType = image.png; path = gray_header_background.png; sourceTree = "<group>"; };
		BDAC93E715D2030F008B820F /* debuggrid.png */ = {isa = PBXFileReference; lastKnownFileType = image.png; path = debuggrid.png; sourceTree = "<group>"; };
		BDB1486715EF3E4B004C25BD /* connection.png */ = {isa = PBXFileReference; lastKnownFileType = image.png; path = connection.png; sourceTree = "<group>"; };
		BDB1486815EF3E4B004C25BD /* connection@2x.png */ = {isa = PBXFileReference; lastKnownFileType = image.png; path = "connection@2x.png"; sourceTree = "<group>"; };
		BDB1486C15EF3F40004C25BD /* error.png */ = {isa = PBXFileReference; lastKnownFileType = image.png; path = error.png; sourceTree = "<group>"; };
		BDB1486D15EF3F40004C25BD /* error@2x.png */ = {isa = PBXFileReference; lastKnownFileType = image.png; path = "error@2x.png"; sourceTree = "<group>"; };
		BDC09F3615BF632F00349761 /* VLMAddViewController.h */ = {isa = PBXFileReference; fileEncoding = 4; lastKnownFileType = sourcecode.c.h; path = VLMAddViewController.h; sourceTree = "<group>"; };
		BDC09F3715BF633000349761 /* VLMAddViewController.m */ = {isa = PBXFileReference; fileEncoding = 4; lastKnownFileType = sourcecode.c.objc; path = VLMAddViewController.m; sourceTree = "<group>"; };
		BDC29A2E15C1EC0B00596546 /* photo_placeholder@2x.png */ = {isa = PBXFileReference; lastKnownFileType = image.png; path = "photo_placeholder@2x.png"; sourceTree = "<group>"; };
		BDC29A3015C1EC6700596546 /* vote_button_normal@2x.png */ = {isa = PBXFileReference; lastKnownFileType = image.png; path = "vote_button_normal@2x.png"; sourceTree = "<group>"; };
		BDC29A3115C1EC6700596546 /* vote_button_selected@2x.png */ = {isa = PBXFileReference; lastKnownFileType = image.png; path = "vote_button_selected@2x.png"; sourceTree = "<group>"; };
		BDC29A3415C1FFBE00596546 /* leica@2x.png */ = {isa = PBXFileReference; lastKnownFileType = image.png; path = "leica@2x.png"; sourceTree = "<group>"; };
		BDC29A3515C1FFBE00596546 /* leica.png */ = {isa = PBXFileReference; lastKnownFileType = image.png; path = leica.png; sourceTree = "<group>"; };
		BDCBDC8015E4A7C000608D76 /* plus.png */ = {isa = PBXFileReference; lastKnownFileType = image.png; path = plus.png; sourceTree = "<group>"; };
		BDCBDC8115E4A7C000608D76 /* plus@2x.png */ = {isa = PBXFileReference; lastKnownFileType = image.png; path = "plus@2x.png"; sourceTree = "<group>"; };
		BDCFED3415C3845D0089A77E /* clear.png */ = {isa = PBXFileReference; lastKnownFileType = image.png; path = clear.png; sourceTree = "<group>"; };
		BDD0F8C815CB723900ACAB23 /* VLMCache.h */ = {isa = PBXFileReference; fileEncoding = 4; lastKnownFileType = sourcecode.c.h; path = VLMCache.h; sourceTree = "<group>"; };
		BDD0F8C915CB723A00ACAB23 /* VLMCache.m */ = {isa = PBXFileReference; fileEncoding = 4; lastKnownFileType = sourcecode.c.objc; path = VLMCache.m; sourceTree = "<group>"; };
		BDDE1E49164E3D47002E445A /* MapViewController.h */ = {isa = PBXFileReference; fileEncoding = 4; lastKnownFileType = sourcecode.c.h; path = MapViewController.h; sourceTree = "<group>"; };
		BDDE1E4A164E3D47002E445A /* MapViewController.m */ = {isa = PBXFileReference; fileEncoding = 4; lastKnownFileType = sourcecode.c.objc; path = MapViewController.m; sourceTree = "<group>"; };
		BDE469CB15E4D04800DFF0CC /* triangle.png */ = {isa = PBXFileReference; lastKnownFileType = image.png; path = triangle.png; sourceTree = "<group>"; };
		BDE469CC15E4D04800DFF0CC /* triangle@2x.png */ = {isa = PBXFileReference; lastKnownFileType = image.png; path = "triangle@2x.png"; sourceTree = "<group>"; };
		BDE975BF15EDEBA900FBA535 /* Default.png */ = {isa = PBXFileReference; lastKnownFileType = image.png; path = Default.png; sourceTree = "<group>"; };
		BDE975C115EDEBAD00FBA535 /* Default@2x.png */ = {isa = PBXFileReference; lastKnownFileType = image.png; path = "Default@2x.png"; sourceTree = "<group>"; };
		BDEA531315EB1BB900F1A8E2 /* plus_highlight.png */ = {isa = PBXFileReference; lastKnownFileType = image.png; path = plus_highlight.png; sourceTree = "<group>"; };
		BDEA531415EB1BB900F1A8E2 /* plus_highlight@2x.png */ = {isa = PBXFileReference; lastKnownFileType = image.png; path = "plus_highlight@2x.png"; sourceTree = "<group>"; };
		BDEA531E15EC31A500F1A8E2 /* DDPageControl.h */ = {isa = PBXFileReference; fileEncoding = 4; lastKnownFileType = sourcecode.c.h; path = DDPageControl.h; sourceTree = "<group>"; };
		BDEA531F15EC31A500F1A8E2 /* DDPageControl.m */ = {isa = PBXFileReference; fileEncoding = 4; lastKnownFileType = sourcecode.c.objc; path = DDPageControl.m; sourceTree = "<group>"; };
		BDEA532215EC4DD500F1A8E2 /* VLMMainHeaderDelegate.h */ = {isa = PBXFileReference; fileEncoding = 4; lastKnownFileType = sourcecode.c.h; path = VLMMainHeaderDelegate.h; sourceTree = "<group>"; };
		BDEA532715EC979E00F1A8E2 /* Icon.png */ = {isa = PBXFileReference; lastKnownFileType = image.png; path = Icon.png; sourceTree = "<group>"; };
		BDEA532915EC97A900F1A8E2 /* Icon@2x.png */ = {isa = PBXFileReference; lastKnownFileType = image.png; path = "Icon@2x.png"; sourceTree = "<group>"; };
		BDEB7A1415D09D51003BC4E3 /* LoadMoreCell.h */ = {isa = PBXFileReference; fileEncoding = 4; lastKnownFileType = sourcecode.c.h; path = LoadMoreCell.h; sourceTree = "<group>"; };
		BDEB7A1515D09D51003BC4E3 /* LoadMoreCell.m */ = {isa = PBXFileReference; fileEncoding = 4; lastKnownFileType = sourcecode.c.objc; path = LoadMoreCell.m; sourceTree = "<group>"; };
		BDEB7A1E15D0F222003BC4E3 /* UIViewController+Transitions.h */ = {isa = PBXFileReference; fileEncoding = 4; lastKnownFileType = sourcecode.c.h; name = "UIViewController+Transitions.h"; path = "ThisVersusThat/UIViewController+Transitions.h"; sourceTree = "<group>"; };
		BDEB7A1F15D0F222003BC4E3 /* UIViewController+Transitions.m */ = {isa = PBXFileReference; fileEncoding = 4; lastKnownFileType = sourcecode.c.objc; name = "UIViewController+Transitions.m"; path = "ThisVersusThat/UIViewController+Transitions.m"; sourceTree = "<group>"; };
		BDF1374E15EFD94E0026ED2C /* REVAnnotationsCollection.h */ = {isa = PBXFileReference; fileEncoding = 4; lastKnownFileType = sourcecode.c.h; path = REVAnnotationsCollection.h; sourceTree = "<group>"; };
		BDF1374F15EFD94E0026ED2C /* REVAnnotationsCollection.m */ = {isa = PBXFileReference; fileEncoding = 4; lastKnownFileType = sourcecode.c.objc; path = REVAnnotationsCollection.m; sourceTree = "<group>"; };
		BDF1375015EFD94E0026ED2C /* REVClusterBlock.h */ = {isa = PBXFileReference; fileEncoding = 4; lastKnownFileType = sourcecode.c.h; path = REVClusterBlock.h; sourceTree = "<group>"; };
		BDF1375115EFD94E0026ED2C /* REVClusterBlock.m */ = {isa = PBXFileReference; fileEncoding = 4; lastKnownFileType = sourcecode.c.objc; path = REVClusterBlock.m; sourceTree = "<group>"; };
		BDF1375215EFD94E0026ED2C /* REVClusterManager.h */ = {isa = PBXFileReference; fileEncoding = 4; lastKnownFileType = sourcecode.c.h; path = REVClusterManager.h; sourceTree = "<group>"; };
		BDF1375315EFD94E0026ED2C /* REVClusterManager.m */ = {isa = PBXFileReference; fileEncoding = 4; lastKnownFileType = sourcecode.c.objc; path = REVClusterManager.m; sourceTree = "<group>"; };
		BDF1375415EFD94E0026ED2C /* REVClusterMap.h */ = {isa = PBXFileReference; fileEncoding = 4; lastKnownFileType = sourcecode.c.h; path = REVClusterMap.h; sourceTree = "<group>"; };
		BDF1375515EFD94E0026ED2C /* REVClusterMapView.h */ = {isa = PBXFileReference; fileEncoding = 4; lastKnownFileType = sourcecode.c.h; path = REVClusterMapView.h; sourceTree = "<group>"; };
		BDF1375615EFD94E0026ED2C /* REVClusterMapView.m */ = {isa = PBXFileReference; fileEncoding = 4; lastKnownFileType = sourcecode.c.objc; path = REVClusterMapView.m; sourceTree = "<group>"; };
		BDF1375715EFD94E0026ED2C /* REVClusterPin.h */ = {isa = PBXFileReference; fileEncoding = 4; lastKnownFileType = sourcecode.c.h; path = REVClusterPin.h; sourceTree = "<group>"; };
		BDF1375815EFD94E0026ED2C /* REVClusterPin.m */ = {isa = PBXFileReference; fileEncoding = 4; lastKnownFileType = sourcecode.c.objc; path = REVClusterPin.m; sourceTree = "<group>"; };
		BDF1375F15EFE7080026ED2C /* cluster.png */ = {isa = PBXFileReference; lastKnownFileType = image.png; path = cluster.png; sourceTree = "<group>"; };
		BDF1376015EFE7080026ED2C /* cluster@2x.png */ = {isa = PBXFileReference; lastKnownFileType = image.png; path = "cluster@2x.png"; sourceTree = "<group>"; };
		BDF1376115EFE7080026ED2C /* pinpoint.png */ = {isa = PBXFileReference; lastKnownFileType = image.png; path = pinpoint.png; sourceTree = "<group>"; };
		BDF1376215EFE7080026ED2C /* pinpoint@2x.png */ = {isa = PBXFileReference; lastKnownFileType = image.png; path = "pinpoint@2x.png"; sourceTree = "<group>"; };
		BDF1376715EFE8CA0026ED2C /* REVClusterAnnotationView.h */ = {isa = PBXFileReference; fileEncoding = 4; lastKnownFileType = sourcecode.c.h; name = REVClusterAnnotationView.h; path = REVClusterMap/REVClusterAnnotationView.h; sourceTree = "<group>"; };
		BDF1376815EFE8CA0026ED2C /* REVClusterAnnotationView.m */ = {isa = PBXFileReference; fileEncoding = 4; lastKnownFileType = sourcecode.c.objc; name = REVClusterAnnotationView.m; path = REVClusterMap/REVClusterAnnotationView.m; sourceTree = "<group>"; };
		BDF8C33A15F67002002596EA /* libTestFlight.a */ = {isa = PBXFileReference; lastKnownFileType = archive.ar; name = libTestFlight.a; path = TestFlightSDK1.0/libTestFlight.a; sourceTree = "<group>"; };
		BDF8C33C15F67032002596EA /* TestFlight.h */ = {isa = PBXFileReference; fileEncoding = 4; lastKnownFileType = sourcecode.c.h; name = TestFlight.h; path = TestFlightSDK1.0/TestFlight.h; sourceTree = "<group>"; };
		BDFAC8FB15C9F980001A15B5 /* VLMUtility.h */ = {isa = PBXFileReference; fileEncoding = 4; lastKnownFileType = sourcecode.c.h; path = VLMUtility.h; sourceTree = "<group>"; };
		BDFAC8FC15C9F980001A15B5 /* VLMUtility.m */ = {isa = PBXFileReference; fileEncoding = 4; lastKnownFileType = sourcecode.c.objc; path = VLMUtility.m; sourceTree = "<group>"; };
		BDFCDCE415C3972E0086DE95 /* UINavigationBar+Fat.m */ = {isa = PBXFileReference; fileEncoding = 4; lastKnownFileType = sourcecode.c.objc; name = "UINavigationBar+Fat.m"; path = "ThisVersusThat/UINavigationBar+Fat.m"; sourceTree = "<group>"; };
		BDFCDCE515C3972E0086DE95 /* UINavigationBar+Fat.h */ = {isa = PBXFileReference; fileEncoding = 4; lastKnownFileType = sourcecode.c.h; name = "UINavigationBar+Fat.h"; path = "ThisVersusThat/UINavigationBar+Fat.h"; sourceTree = "<group>"; };
		BDFE7FD815D4B00B00D577E2 /* vote_button_disabled@2x.png */ = {isa = PBXFileReference; lastKnownFileType = image.png; path = "vote_button_disabled@2x.png"; sourceTree = "<group>"; };
		BDFE7FD915D4B00B00D577E2 /* vote_button_disabled.png */ = {isa = PBXFileReference; lastKnownFileType = image.png; path = vote_button_disabled.png; sourceTree = "<group>"; };
/* End PBXFileReference section */

/* Begin PBXFrameworksBuildPhase section */
		09ABC06A13A1D52D009C3FCF /* Frameworks */ = {
			isa = PBXFrameworksBuildPhase;
			buildActionMask = 2147483647;
			files = (
				BD648010162CDDA600E93E24 /* Parse.framework in Frameworks */,
				BD648014162CDE5200E93E24 /* AdSupport.framework in Frameworks */,
				BD648017162CDFB700E93E24 /* Social.framework in Frameworks */,
				BD648012162CDE4600E93E24 /* Accounts.framework in Frameworks */,
				BDF8C33B15F67002002596EA /* libTestFlight.a in Frameworks */,
				BD9FF75715EFD0FB000949D8 /* libsqlite3.dylib in Frameworks */,
				BD990D8215EF222B007A5480 /* MapKit.framework in Frameworks */,
				743D7B6D157DA60100084B67 /* CoreGraphics.framework in Frameworks */,
				2FCDD6B014A573F500295AAC /* QuartzCore.framework in Frameworks */,
				099CCEAD13F9E3760039A464 /* libz.1.1.3.dylib in Frameworks */,
				09BEF34C13D51C3F001BBCDB /* Security.framework in Frameworks */,
				095ACE8613C68EA300566243 /* AudioToolbox.framework in Frameworks */,
				092354B713A1D83C00DA740F /* MobileCoreServices.framework in Frameworks */,
				092354B513A1D7F000DA740F /* SystemConfiguration.framework in Frameworks */,
				092354B313A1D7EB00DA740F /* CFNetwork.framework in Frameworks */,
				09ABC07213A1D52D009C3FCF /* UIKit.framework in Frameworks */,
				09ABC07413A1D52D009C3FCF /* Foundation.framework in Frameworks */,
			);
			runOnlyForDeploymentPostprocessing = 0;
		};
/* End PBXFrameworksBuildPhase section */

/* Begin PBXGroup section */
		09ABC06213A1D52D009C3FCF = {
			isa = PBXGroup;
			children = (
				BD647EEF162CA2CA00E93E24 /* Default-568h@2x.png */,
				BDE975C115EDEBAD00FBA535 /* Default@2x.png */,
				BDE975BF15EDEBA900FBA535 /* Default.png */,
				BDEA532915EC97A900F1A8E2 /* Icon@2x.png */,
				BDEA532715EC979E00F1A8E2 /* Icon.png */,
				BD4D505E15BDE19C007D6E3A /* ThisVersusThat */,
				BDFB949615C30607001FF740 /* External */,
				09ABC07013A1D52D009C3FCF /* Frameworks */,
				09ABC06E13A1D52D009C3FCF /* Products */,
			);
			sourceTree = "<group>";
		};
		09ABC06E13A1D52D009C3FCF /* Products */ = {
			isa = PBXGroup;
			children = (
				09ABC06D13A1D52D009C3FCF /* A or B.app */,
			);
			name = Products;
			sourceTree = "<group>";
		};
		09ABC07013A1D52D009C3FCF /* Frameworks */ = {
			isa = PBXGroup;
			children = (
				BD9FF75615EFD0FB000949D8 /* libsqlite3.dylib */,
				BD648015162CDE5B00E93E24 /* Social.framework */,
				BD648013162CDE5200E93E24 /* AdSupport.framework */,
				BD648011162CDE4600E93E24 /* Accounts.framework */,
				BD64800F162CDDA600E93E24 /* Parse.framework */,
				092354B213A1D7EB00DA740F /* CFNetwork.framework */,
				095ACE8513C68EA300566243 /* AudioToolbox.framework */,
				743D7B6C157DA60100084B67 /* CoreGraphics.framework */,
				09ABC07313A1D52D009C3FCF /* Foundation.framework */,
				099CCEAC13F9E3760039A464 /* libz.1.1.3.dylib */,
				BD990D8115EF222B007A5480 /* MapKit.framework */,
				092354B613A1D83C00DA740F /* MobileCoreServices.framework */,
				09BEF34B13D51C3F001BBCDB /* Security.framework */,
				092354B413A1D7F000DA740F /* SystemConfiguration.framework */,
				09ABC07113A1D52D009C3FCF /* UIKit.framework */,
				2FCDD6AF14A573F500295AAC /* QuartzCore.framework */,
			);
			name = Frameworks;
			sourceTree = "<group>";
		};
		BD01955C15CADE1B00D58D19 /* MBProgressHUD */ = {
			isa = PBXGroup;
			children = (
				BD01955D15CADE1B00D58D19 /* MBProgressHUD.h */,
				BD01955E15CADE1B00D58D19 /* MBProgressHUD.m */,
			);
			name = MBProgressHUD;
			path = ThisVersusThat/MBProgressHUD;
			sourceTree = "<group>";
		};
		BD3C1D2815E4309D001EF030 /* Reachability */ = {
			isa = PBXGroup;
			children = (
				BD3C1D2915E4309D001EF030 /* Reachability.h */,
				BD3C1D2A15E4309D001EF030 /* Reachability.m */,
			);
			name = Reachability;
			path = ThisVersusThat/Reachability;
			sourceTree = "<group>";
		};
		BD4D505E15BDE19C007D6E3A /* ThisVersusThat */ = {
			isa = PBXGroup;
			children = (
				BD4D506E15BDE19C007D6E3A /* VLMConstants.h */,
				BD4D505F15BDE19C007D6E3A /* AppDelegate.h */,
				BD4D506015BDE19C007D6E3A /* AppDelegate.m */,
				BDFAC8FB15C9F980001A15B5 /* VLMUtility.h */,
				BDFAC8FC15C9F980001A15B5 /* VLMUtility.m */,
				BDD0F8C815CB723900ACAB23 /* VLMCache.h */,
				BDD0F8C915CB723A00ACAB23 /* VLMCache.m */,
				BD4D506315BDE19C007D6E3A /* MainWindow.xib */,
				BDAC93D315D1B418008B820F /* Delegates */,
				BDFB949415C305CF001FF740 /* Views */,
				BDFB949515C305D6001FF740 /* Controllers */,
				BD4D506715BDE19C007D6E3A /* Resources */,
				BDFB949715C3064E001FF740 /* Supporting Files */,
			);
			path = ThisVersusThat;
			sourceTree = "<group>";
		};
		BD4D506715BDE19C007D6E3A /* Resources */ = {
			isa = PBXGroup;
			children = (
				BDFB949215C3049A001FF740 /* Images */,
			);
			path = Resources;
			sourceTree = "<group>";
		};
		BD72B83C15BE401F0083CD4E /* TableView */ = {
			isa = PBXGroup;
			children = (
				BD4D507115BDE19C007D6E3A /* VLMFeedTableViewController.h */,
				BD4D507215BDE19C007D6E3A /* VLMFeedTableViewController.m */,
				BDAC93D715D1CFE0008B820F /* VLMPollDetailController.h */,
				BDAC93D815D1CFE0008B820F /* VLMPollDetailController.m */,
				BDAC93DA15D1CFFB008B820F /* VLMUserDetailController.h */,
				BDAC93DB15D1CFFB008B820F /* VLMUserDetailController.m */,
				BD7998E315D6DB3F0070D759 /* ActivityViewController.h */,
				BD7998E415D6DB400070D759 /* ActivityViewController.m */,
				BD5E12EE15E028F8004D557E /* VotesViewController.h */,
				BD5E12EF15E028F8004D557E /* VotesViewController.m */,
				BD92EF4615E04D5700FAC490 /* FollowerController.h */,
				BD92EF4715E04D5700FAC490 /* FollowerController.m */,
			);
			name = TableView;
			sourceTree = "<group>";
		};
		BD7F22C315C85F9C00598906 /* UIImage Category */ = {
			isa = PBXGroup;
			children = (
				BD7F22C515C8718600598906 /* UIImage+ResizeAdditions.h */,
				BD7F22C615C8718600598906 /* UIImage+ResizeAdditions.m */,
				BD7F22C815C871D500598906 /* UIImage+AlphaAdditions.h */,
				BD7F22C915C871D500598906 /* UIImage+AlphaAdditions.m */,
				BD7F22CA15C871D500598906 /* UIImage+RoundedCornerAdditions.h */,
				BD7F22CB15C871D500598906 /* UIImage+RoundedCornerAdditions.m */,
			);
			name = "UIImage Category";
			sourceTree = "<group>";
		};
		BD7F22C415C85FB000598906 /* UInavigationBar Category */ = {
			isa = PBXGroup;
			children = (
				BDFCDCE515C3972E0086DE95 /* UINavigationBar+Fat.h */,
				BDFCDCE415C3972E0086DE95 /* UINavigationBar+Fat.m */,
			);
			name = "UInavigationBar Category";
			sourceTree = "<group>";
		};
		BDAC93D315D1B418008B820F /* Delegates */ = {
			isa = PBXGroup;
			children = (
				BDAC93D015D193AC008B820F /* VLMFeedHeaderDelegate.h */,
				BDEA532215EC4DD500F1A8E2 /* VLMMainHeaderDelegate.h */,
				BDAC93D115D1A1AC008B820F /* VLMTapDelegate.h */,
				BDAC93D215D1AED2008B820F /* VLMPopModalDelegate.h */,
				BD7998D615D632C20070D759 /* VLMGenericTapDelegate.h */,
			);
			name = Delegates;
			sourceTree = "<group>";
		};
		BDC09F2315BF2EFD00349761 /* Feed */ = {
			isa = PBXGroup;
			children = (
				BD72B83C15BE401F0083CD4E /* TableView */,
				BD4D507315BDE19C007D6E3A /* VLMFeedViewController.h */,
				BD4D507415BDE19C007D6E3A /* VLMFeedViewController.m */,
				BD4D506F15BDE19C007D6E3A /* VLMFeedHeaderController.h */,
				BD4D507015BDE19C007D6E3A /* VLMFeedHeaderController.m */,
				BD4D507515BDE19C007D6E3A /* VLMFooterController.h */,
				BD4D507615BDE19C007D6E3A /* VLMFooterController.m */,
				BDF1376715EFE8CA0026ED2C /* REVClusterAnnotationView.h */,
				BDF1376815EFE8CA0026ED2C /* REVClusterAnnotationView.m */,
				BDDE1E49164E3D47002E445A /* MapViewController.h */,
				BDDE1E4A164E3D47002E445A /* MapViewController.m */,
			);
			name = Feed;
			sourceTree = "<group>";
		};
		BDEA532115EC31AC00F1A8E2 /* DDPageControl */ = {
			isa = PBXGroup;
			children = (
				BDEA531E15EC31A500F1A8E2 /* DDPageControl.h */,
				BDEA531F15EC31A500F1A8E2 /* DDPageControl.m */,
			);
			name = DDPageControl;
			sourceTree = "<group>";
		};
		BDEB7A1815D0F0FC003BC4E3 /* UINavigationController Category */ = {
			isa = PBXGroup;
			children = (
				BDEB7A1E15D0F222003BC4E3 /* UIViewController+Transitions.h */,
				BDEB7A1F15D0F222003BC4E3 /* UIViewController+Transitions.m */,
			);
			name = "UINavigationController Category";
			sourceTree = "<group>";
		};
		BDF1374D15EFD94E0026ED2C /* REVClusterMap */ = {
			isa = PBXGroup;
			children = (
				BDF1375F15EFE7080026ED2C /* cluster.png */,
				BDF1376015EFE7080026ED2C /* cluster@2x.png */,
				BDF1376115EFE7080026ED2C /* pinpoint.png */,
				BDF1376215EFE7080026ED2C /* pinpoint@2x.png */,
				BDF1374E15EFD94E0026ED2C /* REVAnnotationsCollection.h */,
				BDF1374F15EFD94E0026ED2C /* REVAnnotationsCollection.m */,
				BDF1375015EFD94E0026ED2C /* REVClusterBlock.h */,
				BDF1375115EFD94E0026ED2C /* REVClusterBlock.m */,
				BDF1375215EFD94E0026ED2C /* REVClusterManager.h */,
				BDF1375315EFD94E0026ED2C /* REVClusterManager.m */,
				BDF1375415EFD94E0026ED2C /* REVClusterMap.h */,
				BDF1375515EFD94E0026ED2C /* REVClusterMapView.h */,
				BDF1375615EFD94E0026ED2C /* REVClusterMapView.m */,
				BDF1375715EFD94E0026ED2C /* REVClusterPin.h */,
				BDF1375815EFD94E0026ED2C /* REVClusterPin.m */,
			);
			name = REVClusterMap;
			path = ThisVersusThat/REVClusterMap;
			sourceTree = "<group>";
		};
		BDF8C33D15F6707C002596EA /* TestFlight */ = {
			isa = PBXGroup;
			children = (
				BDF8C33A15F67002002596EA /* libTestFlight.a */,
				BDF8C33C15F67032002596EA /* TestFlight.h */,
			);
			name = TestFlight;
			sourceTree = "<group>";
		};
		BDFB949215C3049A001FF740 /* Images */ = {
			isa = PBXGroup;
			children = (
				BDB1486C15EF3F40004C25BD /* error.png */,
				BDB1486D15EF3F40004C25BD /* error@2x.png */,
				BDB1486715EF3E4B004C25BD /* connection.png */,
				BDB1486815EF3E4B004C25BD /* connection@2x.png */,
				BD990D7415EF16E5007A5480 /* logout.png */,
				BD990D7515EF16E5007A5480 /* logout@2x.png */,
				BD19859015D60EFE00AE9590 /* 3lines.png */,
				BD031C4315E32790003A3F67 /* 3lines@2x.png */,
				BD19858F15D60EFE00AE9590 /* 3lines_highlighted.png */,
				BD031C4215E32790003A3F67 /* 3lines_highlighted@2x.png */,
				BD031C4615E345AF003A3F67 /* balloon.png */,
				BD031C4715E345B0003A3F67 /* balloon@2x.png */,
				BDCFED3415C3845D0089A77E /* clear.png */,
				BD3C1D2C15E47172001EF030 /* clear50.png */,
				BDAC93E715D2030F008B820F /* debuggrid.png */,
				BD19857F15D5C9F400AE9590 /* facebook.png */,
				BD19858015D5C9F400AE9590 /* facebook@2x.png */,
				BDAC93DF15D2009B008B820F /* gray_header_background.png */,
				BDC29A3515C1FFBE00596546 /* leica.png */,
				BDC29A3415C1FFBE00596546 /* leica@2x.png */,
				BDCBDC8015E4A7C000608D76 /* plus.png */,
				BDCBDC8115E4A7C000608D76 /* plus@2x.png */,
				BDEA531315EB1BB900F1A8E2 /* plus_highlight.png */,
				BDEA531415EB1BB900F1A8E2 /* plus_highlight@2x.png */,
				BD48B60615C1B5060019C3A2 /* photo_placeholder.png */,
				BDC29A2E15C1EC0B00596546 /* photo_placeholder@2x.png */,
				BD7998E015D654670070D759 /* skewed_print.png */,
				BD90FFF115BE7B6D004621E8 /* subtlenet.png */,
				BD84D24315DDF85700F8D007 /* subtlenet@2X.png */,
				BDE469CB15E4D04800DFF0CC /* triangle.png */,
				BDE469CC15E4D04800DFF0CC /* triangle@2x.png */,
				BDFE7FD815D4B00B00D577E2 /* vote_button_disabled@2x.png */,
				BDFE7FD915D4B00B00D577E2 /* vote_button_disabled.png */,
				BD8891DB15C0605400C1615C /* vote_button_normal.png */,
				BDC29A3015C1EC6700596546 /* vote_button_normal@2x.png */,
				BD8891DA15C0605400C1615C /* vote_button_selected.png */,
				BDC29A3115C1EC6700596546 /* vote_button_selected@2x.png */,
			);
			name = Images;
			sourceTree = "<group>";
		};
		BDFB949415C305CF001FF740 /* Views */ = {
			isa = PBXGroup;
			children = (
				BD4D507915BDE19C007D6E3A /* VLMTextButton.h */,
				BD4D507A15BDE19C007D6E3A /* VLMTextButton.m */,
				BD72B83D15BE59670083CD4E /* VLMAddButtonController.h */,
				BD72B83E15BE59670083CD4E /* VLMAddButtonController.m */,
				BD19FDCA15D9F3A60083E65D /* ActivityNavButton.h */,
				BD19FDCB15D9F3A60083E65D /* ActivityNavButton.m */,
				BDFB949915C3073E001FF740 /* UITableViewCells */,
			);
			name = Views;
			sourceTree = "<group>";
		};
		BDFB949515C305D6001FF740 /* Controllers */ = {
			isa = PBXGroup;
			children = (
				BD72B83715BE3AD20083CD4E /* VLMMainViewController.h */,
				BD72B83815BE3AD20083CD4E /* VLMMainViewController.m */,
				BDC09F3615BF632F00349761 /* VLMAddViewController.h */,
				BDC09F3715BF633000349761 /* VLMAddViewController.m */,
				BDC09F2315BF2EFD00349761 /* Feed */,
			);
			name = Controllers;
			sourceTree = "<group>";
		};
		BDFB949615C30607001FF740 /* External */ = {
			isa = PBXGroup;
			children = (
				BDF8C33D15F6707C002596EA /* TestFlight */,
				BDF1374D15EFD94E0026ED2C /* REVClusterMap */,
				BDEA532115EC31AC00F1A8E2 /* DDPageControl */,
				BD3C1D2815E4309D001EF030 /* Reachability */,
				BDEB7A1815D0F0FC003BC4E3 /* UINavigationController Category */,
				BD01955C15CADE1B00D58D19 /* MBProgressHUD */,
				BD7F22C315C85F9C00598906 /* UIImage Category */,
				BD7F22C415C85FB000598906 /* UInavigationBar Category */,
				BDFB949B15C307A1001FF740 /* UIPlaceholderTextView */,
				BD19FDD115DA1D3D0083E65D /* TTTTimeIntervalFormatter.h */,
				BD19FDD215DA1D3D0083E65D /* TTTTimeIntervalFormatter.m */,
			);
			name = External;
			sourceTree = "<group>";
		};
		BDFB949715C3064E001FF740 /* Supporting Files */ = {
			isa = PBXGroup;
			children = (
				BD4D506A15BDE19C007D6E3A /* ThisVersusThat-Info.plist */,
				BD4D506615BDE19C007D6E3A /* main.m */,
				BD4D506B15BDE19C007D6E3A /* ThisVersusThat-Prefix.pch */,
				BD4D506115BDE19C007D6E3A /* InfoPlist.strings */,
				BD4D506515BDE19C007D6E3A /* Entitlements.plist */,
			);
			name = "Supporting Files";
			sourceTree = "<group>";
		};
		BDFB949915C3073E001FF740 /* UITableViewCells */ = {
			isa = PBXGroup;
			children = (
				BD4D507715BDE19C007D6E3A /* VLMSectionView.h */,
				BD4D507815BDE19C007D6E3A /* VLMSectionView.m */,
				BD4D506C15BDE19C007D6E3A /* VLMCell.h */,
				BD4D506D15BDE19C007D6E3A /* VLMCell.m */,
				BDEB7A1415D09D51003BC4E3 /* LoadMoreCell.h */,
				BDEB7A1515D09D51003BC4E3 /* LoadMoreCell.m */,
				BD54C2D915D3568700B73984 /* VLMCommentCell.h */,
				BD54C2DA15D3568700B73984 /* VLMCommentCell.m */,
				BD7998EC15D89FA50070D759 /* VLMActivityCell.h */,
				BD7998ED15D89FA50070D759 /* VLMActivityCell.m */,
				BD92EF4E15E061D900FAC490 /* FollowCell.h */,
				BD92EF4F15E061D900FAC490 /* FollowCell.m */,
			);
			name = UITableViewCells;
			sourceTree = "<group>";
		};
		BDFB949B15C307A1001FF740 /* UIPlaceholderTextView */ = {
			isa = PBXGroup;
			children = (
				BD94B29515C0F73400DCC8DA /* UIPlaceholderTextView.h */,
				BD94B29615C0F73500DCC8DA /* UIPlaceholderTextView.m */,
			);
			name = UIPlaceholderTextView;
			sourceTree = "<group>";
		};
/* End PBXGroup section */

/* Begin PBXNativeTarget section */
		09ABC06C13A1D52D009C3FCF /* ThisVersusThat */ = {
			isa = PBXNativeTarget;
			buildConfigurationList = 09ABC08E13A1D52E009C3FCF /* Build configuration list for PBXNativeTarget "ThisVersusThat" */;
			buildPhases = (
				09ABC06913A1D52D009C3FCF /* Sources */,
				09ABC06A13A1D52D009C3FCF /* Frameworks */,
				09ABC06B13A1D52D009C3FCF /* Resources */,
			);
			buildRules = (
			);
			dependencies = (
			);
			name = ThisVersusThat;
			productName = ParseStarterProject;
			productReference = 09ABC06D13A1D52D009C3FCF /* A or B.app */;
			productType = "com.apple.product-type.application";
		};
/* End PBXNativeTarget section */

/* Begin PBXProject section */
		09ABC06413A1D52D009C3FCF /* Project object */ = {
			isa = PBXProject;
			attributes = {
				LastUpgradeCheck = 0430;
			};
			buildConfigurationList = 09ABC06713A1D52D009C3FCF /* Build configuration list for PBXProject "ThisVersusThat" */;
			compatibilityVersion = "Xcode 3.2";
			developmentRegion = English;
			hasScannedForEncodings = 0;
			knownRegions = (
				en,
			);
			mainGroup = 09ABC06213A1D52D009C3FCF;
			productRefGroup = 09ABC06E13A1D52D009C3FCF /* Products */;
			projectDirPath = "";
			projectRoot = "";
			targets = (
				09ABC06C13A1D52D009C3FCF /* ThisVersusThat */,
			);
		};
/* End PBXProject section */

/* Begin PBXResourcesBuildPhase section */
		09ABC06B13A1D52D009C3FCF /* Resources */ = {
			isa = PBXResourcesBuildPhase;
			buildActionMask = 2147483647;
			files = (
				BD4D507C15BDE19C007D6E3A /* InfoPlist.strings in Resources */,
				BD4D507D15BDE19D007D6E3A /* MainWindow.xib in Resources */,
				BD4D507E15BDE19D007D6E3A /* Entitlements.plist in Resources */,
				BD90FFF215BE7B6D004621E8 /* subtlenet.png in Resources */,
				BD8891DC15C0605400C1615C /* vote_button_selected.png in Resources */,
				BD8891DD15C0605400C1615C /* vote_button_normal.png in Resources */,
				BD48B60715C1B5060019C3A2 /* photo_placeholder.png in Resources */,
				BDC29A2F15C1EC0B00596546 /* photo_placeholder@2x.png in Resources */,
				BDC29A3215C1EC6700596546 /* vote_button_normal@2x.png in Resources */,
				BDC29A3315C1EC6700596546 /* vote_button_selected@2x.png in Resources */,
				BDC29A3615C1FFBE00596546 /* leica@2x.png in Resources */,
				BDC29A3715C1FFBE00596546 /* leica.png in Resources */,
				BDCFED3515C3845D0089A77E /* clear.png in Resources */,
				BDAC93E015D2009B008B820F /* gray_header_background.png in Resources */,
				BDAC93E815D2030F008B820F /* debuggrid.png in Resources */,
				BDFE7FDA15D4B00B00D577E2 /* vote_button_disabled@2x.png in Resources */,
				BDFE7FDB15D4B00B00D577E2 /* vote_button_disabled.png in Resources */,
				BD19858115D5C9F400AE9590 /* facebook.png in Resources */,
				BD19858215D5C9F400AE9590 /* facebook@2x.png in Resources */,
				BD19859115D60EFE00AE9590 /* 3lines_highlighted.png in Resources */,
				BD19859215D60EFE00AE9590 /* 3lines.png in Resources */,
				BD7998E215D654670070D759 /* skewed_print.png in Resources */,
				BD84D24415DDF85700F8D007 /* subtlenet@2X.png in Resources */,
				BD031C4415E32790003A3F67 /* 3lines_highlighted@2x.png in Resources */,
				BD031C4515E32790003A3F67 /* 3lines@2x.png in Resources */,
				BD031C4815E345B2003A3F67 /* balloon.png in Resources */,
				BD031C4915E345B2003A3F67 /* balloon@2x.png in Resources */,
				BD3C1D2D15E47172001EF030 /* clear50.png in Resources */,
				BDCBDC8215E4A7C000608D76 /* plus.png in Resources */,
				BDCBDC8315E4A7C000608D76 /* plus@2x.png in Resources */,
				BDE469CD15E4D04800DFF0CC /* triangle.png in Resources */,
				BDE469CE15E4D04800DFF0CC /* triangle@2x.png in Resources */,
				BDEA531515EB1BB900F1A8E2 /* plus_highlight.png in Resources */,
				BDEA531615EB1BB900F1A8E2 /* plus_highlight@2x.png in Resources */,
				BDEA532815EC979E00F1A8E2 /* Icon.png in Resources */,
				BDEA532A15EC97A900F1A8E2 /* Icon@2x.png in Resources */,
				BDE975C015EDEBAA00FBA535 /* Default.png in Resources */,
				BDE975C215EDEBAD00FBA535 /* Default@2x.png in Resources */,
				BD990D7615EF16E5007A5480 /* logout.png in Resources */,
				BD990D7715EF16E5007A5480 /* logout@2x.png in Resources */,
				BDB1486915EF3E4B004C25BD /* connection.png in Resources */,
				BDB1486A15EF3E4B004C25BD /* connection@2x.png in Resources */,
				BDB1486E15EF3F40004C25BD /* error.png in Resources */,
				BDB1486F15EF3F40004C25BD /* error@2x.png in Resources */,
				BDF1376315EFE7080026ED2C /* cluster.png in Resources */,
				BDF1376415EFE7080026ED2C /* cluster@2x.png in Resources */,
				BDF1376515EFE7080026ED2C /* pinpoint.png in Resources */,
				BDF1376615EFE7080026ED2C /* pinpoint@2x.png in Resources */,
				BD647EF0162CA2CA00E93E24 /* Default-568h@2x.png in Resources */,
			);
			runOnlyForDeploymentPostprocessing = 0;
		};
/* End PBXResourcesBuildPhase section */

/* Begin PBXSourcesBuildPhase section */
		09ABC06913A1D52D009C3FCF /* Sources */ = {
			isa = PBXSourcesBuildPhase;
			buildActionMask = 2147483647;
			files = (
				BD4D507B15BDE19C007D6E3A /* AppDelegate.m in Sources */,
				BD4D507F15BDE19D007D6E3A /* main.m in Sources */,
				BD4D508315BDE19D007D6E3A /* VLMCell.m in Sources */,
				BD4D508415BDE19D007D6E3A /* VLMFeedHeaderController.m in Sources */,
				BD4D508515BDE19D007D6E3A /* VLMFeedTableViewController.m in Sources */,
				BD4D508615BDE19D007D6E3A /* VLMFeedViewController.m in Sources */,
				BD4D508715BDE19D007D6E3A /* VLMFooterController.m in Sources */,
				BD4D508815BDE19D007D6E3A /* VLMSectionView.m in Sources */,
				BD4D508915BDE19D007D6E3A /* VLMTextButton.m in Sources */,
				BD72B83915BE3AD20083CD4E /* VLMMainViewController.m in Sources */,
				BD72B83F15BE59670083CD4E /* VLMAddButtonController.m in Sources */,
				BDC09F3815BF633000349761 /* VLMAddViewController.m in Sources */,
				BD94B29715C0F73500DCC8DA /* UIPlaceholderTextView.m in Sources */,
				BDFCDCE615C3972E0086DE95 /* UINavigationBar+Fat.m in Sources */,
				BD7F22C715C8718600598906 /* UIImage+ResizeAdditions.m in Sources */,
				BD7F22CC15C871D500598906 /* UIImage+AlphaAdditions.m in Sources */,
				BD7F22CD15C871D500598906 /* UIImage+RoundedCornerAdditions.m in Sources */,
				BDFAC8FD15C9F980001A15B5 /* VLMUtility.m in Sources */,
				BD01955F15CADE1B00D58D19 /* MBProgressHUD.m in Sources */,
				BDD0F8CA15CB723A00ACAB23 /* VLMCache.m in Sources */,
				BDEB7A1615D09D51003BC4E3 /* LoadMoreCell.m in Sources */,
				BDEB7A2015D0F222003BC4E3 /* UIViewController+Transitions.m in Sources */,
				BDAC93D915D1CFE0008B820F /* VLMPollDetailController.m in Sources */,
				BDAC93DC15D1CFFC008B820F /* VLMUserDetailController.m in Sources */,
				BD54C2DB15D3568700B73984 /* VLMCommentCell.m in Sources */,
				BD7998E515D6DB400070D759 /* ActivityViewController.m in Sources */,
				BD7998EE15D89FA50070D759 /* VLMActivityCell.m in Sources */,
				BD19FDCC15D9F3A60083E65D /* ActivityNavButton.m in Sources */,
				BD19FDD315DA1D3D0083E65D /* TTTTimeIntervalFormatter.m in Sources */,
				BD5E12F015E028F8004D557E /* VotesViewController.m in Sources */,
				BD92EF4815E04D5700FAC490 /* FollowerController.m in Sources */,
				BD92EF5015E061D900FAC490 /* FollowCell.m in Sources */,
				BD3C1D2B15E4309D001EF030 /* Reachability.m in Sources */,
				BDEA532015EC31A500F1A8E2 /* DDPageControl.m in Sources */,
				BDF1375915EFD94E0026ED2C /* REVAnnotationsCollection.m in Sources */,
				BDF1375A15EFD94E0026ED2C /* REVClusterBlock.m in Sources */,
				BDF1375B15EFD94E0026ED2C /* REVClusterManager.m in Sources */,
				BDF1375C15EFD94E0026ED2C /* REVClusterMapView.m in Sources */,
				BDF1375D15EFD94E0026ED2C /* REVClusterPin.m in Sources */,
				BDF1376915EFE8CA0026ED2C /* REVClusterAnnotationView.m in Sources */,
				BDDE1E4B164E3D47002E445A /* MapViewController.m in Sources */,
			);
			runOnlyForDeploymentPostprocessing = 0;
		};
/* End PBXSourcesBuildPhase section */

/* Begin PBXVariantGroup section */
		BD4D506115BDE19C007D6E3A /* InfoPlist.strings */ = {
			isa = PBXVariantGroup;
			children = (
				BD4D506215BDE19C007D6E3A /* en */,
			);
			name = InfoPlist.strings;
			sourceTree = "<group>";
		};
		BD4D506315BDE19C007D6E3A /* MainWindow.xib */ = {
			isa = PBXVariantGroup;
			children = (
				BD4D506415BDE19C007D6E3A /* en */,
			);
			name = MainWindow.xib;
			sourceTree = "<group>";
		};
/* End PBXVariantGroup section */

/* Begin XCBuildConfiguration section */
		09ABC08C13A1D52E009C3FCF /* Debug */ = {
			isa = XCBuildConfiguration;
			buildSettings = {
				ARCHS = "$(ARCHS_STANDARD_32_BIT)";
				CODE_SIGN_IDENTITY = "iPhone Developer: david lu (D6GE537VAV)";
				"CODE_SIGN_IDENTITY[sdk=iphoneos*]" = "";
				COPY_PHASE_STRIP = NO;
				GCC_C_LANGUAGE_STANDARD = gnu99;
				GCC_OPTIMIZATION_LEVEL = 0;
				GCC_PREPROCESSOR_DEFINITIONS = DEBUG;
				GCC_SYMBOLS_PRIVATE_EXTERN = NO;
				GCC_VERSION = com.apple.compilers.llvm.clang.1_0;
				GCC_WARN_ABOUT_RETURN_TYPE = YES;
				GCC_WARN_UNUSED_VARIABLE = YES;
				IPHONEOS_DEPLOYMENT_TARGET = 4.3;
				PROVISIONING_PROFILE = "5DE56040-AB9D-411F-A82C-CD6F492C5C56";
				SDKROOT = iphoneos;
				STRIP_INSTALLED_PRODUCT = NO;
			};
			name = Debug;
		};
		09ABC08D13A1D52E009C3FCF /* Release */ = {
			isa = XCBuildConfiguration;
			buildSettings = {
				ARCHS = "$(ARCHS_STANDARD_32_BIT)";
				CODE_SIGN_IDENTITY = "iPhone Developer: david lu (D6GE537VAV)";
				"CODE_SIGN_IDENTITY[sdk=iphoneos*]" = "";
				COPY_PHASE_STRIP = NO;
				GCC_C_LANGUAGE_STANDARD = gnu99;
				GCC_VERSION = com.apple.compilers.llvm.clang.1_0;
				GCC_WARN_ABOUT_RETURN_TYPE = YES;
				GCC_WARN_UNUSED_VARIABLE = YES;
				IPHONEOS_DEPLOYMENT_TARGET = 4.3;
				OTHER_CFLAGS = "-DNS_BLOCK_ASSERTIONS=1";
				PROVISIONING_PROFILE = "5DE56040-AB9D-411F-A82C-CD6F492C5C56";
				SDKROOT = iphoneos;
				STRIP_INSTALLED_PRODUCT = NO;
			};
			name = Release;
		};
		09ABC08F13A1D52E009C3FCF /* Debug */ = {
			isa = XCBuildConfiguration;
			buildSettings = {
				ALWAYS_SEARCH_USER_PATHS = NO;
				CLANG_ENABLE_OBJC_ARC = YES;
				CODE_SIGN_IDENTITY = "iPhone Developer";
				"CODE_SIGN_IDENTITY[sdk=iphoneos*]" = "iPhone Developer";
				COPY_PHASE_STRIP = NO;
				FRAMEWORK_SEARCH_PATHS = (
					"$(inherited)",
					"\"$(SRCROOT)\"",
				);
				GCC_DYNAMIC_NO_PIC = NO;
				GCC_PRECOMPILE_PREFIX_HEADER = YES;
				GCC_PREFIX_HEADER = "ThisVersusThat/ThisVersusThat-Prefix.pch";
				GCC_VERSION = com.apple.compilers.llvm.clang.1_0;
				INFOPLIST_FILE = "ThisVersusThat/ThisVersusThat-Info.plist";
				IPHONEOS_DEPLOYMENT_TARGET = 5.0;
				LIBRARY_SEARCH_PATHS = (
					"$(inherited)",
					"\"$(SRCROOT)/TestFlightSDK1.0\"",
				);
				PRODUCT_NAME = "A or B";
				PROVISIONING_PROFILE = "";
				"PROVISIONING_PROFILE[sdk=iphoneos*]" = "";
				TARGETED_DEVICE_FAMILY = 1;
				WRAPPER_EXTENSION = app;
			};
			name = Debug;
		};
		09ABC09013A1D52E009C3FCF /* Release */ = {
			isa = XCBuildConfiguration;
			buildSettings = {
				ALWAYS_SEARCH_USER_PATHS = NO;
				CLANG_ENABLE_OBJC_ARC = YES;
				CODE_SIGN_IDENTITY = "iPhone Distribution: david lu";
				"CODE_SIGN_IDENTITY[sdk=iphoneos*]" = "iPhone Distribution: david lu";
				COPY_PHASE_STRIP = YES;
				FRAMEWORK_SEARCH_PATHS = (
					"$(inherited)",
					"\"$(SRCROOT)\"",
				);
				GCC_PRECOMPILE_PREFIX_HEADER = YES;
				GCC_PREFIX_HEADER = "ThisVersusThat/ThisVersusThat-Prefix.pch";
				GCC_VERSION = com.apple.compilers.llvm.clang.1_0;
				INFOPLIST_FILE = "ThisVersusThat/ThisVersusThat-Info.plist";
				IPHONEOS_DEPLOYMENT_TARGET = 5.0;
				LIBRARY_SEARCH_PATHS = (
					"$(inherited)",
					"\"$(SRCROOT)/TestFlightSDK1.0\"",
				);
				PRODUCT_NAME = "A or B";
				PROVISIONING_PROFILE = "1A66A822-3EE0-4716-8ADB-34015ACB553C";
				"PROVISIONING_PROFILE[sdk=iphoneos*]" = "1A66A822-3EE0-4716-8ADB-34015ACB553C";
				TARGETED_DEVICE_FAMILY = 1;
				VALIDATE_PRODUCT = YES;
				WRAPPER_EXTENSION = app;
			};
			name = Release;
		};
/* End XCBuildConfiguration section */

/* Begin XCConfigurationList section */
		09ABC06713A1D52D009C3FCF /* Build configuration list for PBXProject "ThisVersusThat" */ = {
			isa = XCConfigurationList;
			buildConfigurations = (
				09ABC08C13A1D52E009C3FCF /* Debug */,
				09ABC08D13A1D52E009C3FCF /* Release */,
			);
			defaultConfigurationIsVisible = 0;
			defaultConfigurationName = Release;
		};
		09ABC08E13A1D52E009C3FCF /* Build configuration list for PBXNativeTarget "ThisVersusThat" */ = {
			isa = XCConfigurationList;
			buildConfigurations = (
				09ABC08F13A1D52E009C3FCF /* Debug */,
				09ABC09013A1D52E009C3FCF /* Release */,
			);
			defaultConfigurationIsVisible = 0;
			defaultConfigurationName = Release;
		};
/* End XCConfigurationList section */
	};
	rootObject = 09ABC06413A1D52D009C3FCF /* Project object */;
}
