// !$*UTF8*$!
{
	archiveVersion = 1;
	classes = {
	};
	objectVersion = 46;
	objects = {

/* Begin PBXBuildFile section */
		092354B313A1D7EB00DA740F /* CFNetwork.framework in Frameworks */ = {isa = PBXBuildFile; fileRef = 092354B213A1D7EB00DA740F /* CFNetwork.framework */; };
		092354B513A1D7F000DA740F /* SystemConfiguration.framework in Frameworks */ = {isa = PBXBuildFile; fileRef = 092354B413A1D7F000DA740F /* SystemConfiguration.framework */; };
		092354B713A1D83C00DA740F /* MobileCoreServices.framework in Frameworks */ = {isa = PBXBuildFile; fileRef = 092354B613A1D83C00DA740F /* MobileCoreServices.framework */; };
		094ACA0014367ACD008398F8 /* Parse.framework in Frameworks */ = {isa = PBXBuildFile; fileRef = 094AC9FF14367ACD008398F8 /* Parse.framework */; };
		095ACE8613C68EA300566243 /* AudioToolbox.framework in Frameworks */ = {isa = PBXBuildFile; fileRef = 095ACE8513C68EA300566243 /* AudioToolbox.framework */; };
		099CCEAD13F9E3760039A464 /* libz.1.1.3.dylib in Frameworks */ = {isa = PBXBuildFile; fileRef = 099CCEAC13F9E3760039A464 /* libz.1.1.3.dylib */; };
		09ABC07213A1D52D009C3FCF /* UIKit.framework in Frameworks */ = {isa = PBXBuildFile; fileRef = 09ABC07113A1D52D009C3FCF /* UIKit.framework */; };
		09ABC07413A1D52D009C3FCF /* Foundation.framework in Frameworks */ = {isa = PBXBuildFile; fileRef = 09ABC07313A1D52D009C3FCF /* Foundation.framework */; };
		09BEF34C13D51C3F001BBCDB /* Security.framework in Frameworks */ = {isa = PBXBuildFile; fileRef = 09BEF34B13D51C3F001BBCDB /* Security.framework */; };
		2FCDD6B014A573F500295AAC /* QuartzCore.framework in Frameworks */ = {isa = PBXBuildFile; fileRef = 2FCDD6AF14A573F500295AAC /* QuartzCore.framework */; };
		743D7B6D157DA60100084B67 /* CoreGraphics.framework in Frameworks */ = {isa = PBXBuildFile; fileRef = 743D7B6C157DA60100084B67 /* CoreGraphics.framework */; };
		BD4D507B15BDE19C007D6E3A /* AppDelegate.m in Sources */ = {isa = PBXBuildFile; fileRef = BD4D506015BDE19C007D6E3A /* AppDelegate.m */; };
		BD4D507C15BDE19C007D6E3A /* InfoPlist.strings in Resources */ = {isa = PBXBuildFile; fileRef = BD4D506115BDE19C007D6E3A /* InfoPlist.strings */; };
		BD4D507D15BDE19D007D6E3A /* MainWindow.xib in Resources */ = {isa = PBXBuildFile; fileRef = BD4D506315BDE19C007D6E3A /* MainWindow.xib */; };
		BD4D507E15BDE19D007D6E3A /* Entitlements.plist in Resources */ = {isa = PBXBuildFile; fileRef = BD4D506515BDE19C007D6E3A /* Entitlements.plist */; };
		BD4D507F15BDE19D007D6E3A /* main.m in Sources */ = {isa = PBXBuildFile; fileRef = BD4D506615BDE19C007D6E3A /* main.m */; };
		BD4D508015BDE19D007D6E3A /* column-grid-white_gray@1x.png in Resources */ = {isa = PBXBuildFile; fileRef = BD4D506815BDE19C007D6E3A /* column-grid-white_gray@1x.png */; };
		BD4D508115BDE19D007D6E3A /* txture.png in Resources */ = {isa = PBXBuildFile; fileRef = BD4D506915BDE19C007D6E3A /* txture.png */; };
		BD4D508315BDE19D007D6E3A /* VLMCell.m in Sources */ = {isa = PBXBuildFile; fileRef = BD4D506D15BDE19C007D6E3A /* VLMCell.m */; };
		BD4D508415BDE19D007D6E3A /* VLMFeedHeaderController.m in Sources */ = {isa = PBXBuildFile; fileRef = BD4D507015BDE19C007D6E3A /* VLMFeedHeaderController.m */; };
		BD4D508515BDE19D007D6E3A /* VLMFeedTableViewController.m in Sources */ = {isa = PBXBuildFile; fileRef = BD4D507215BDE19C007D6E3A /* VLMFeedTableViewController.m */; };
		BD4D508615BDE19D007D6E3A /* VLMFeedViewController.m in Sources */ = {isa = PBXBuildFile; fileRef = BD4D507415BDE19C007D6E3A /* VLMFeedViewController.m */; };
		BD4D508715BDE19D007D6E3A /* VLMFooterController.m in Sources */ = {isa = PBXBuildFile; fileRef = BD4D507615BDE19C007D6E3A /* VLMFooterController.m */; };
		BD4D508815BDE19D007D6E3A /* VLMSectionView.m in Sources */ = {isa = PBXBuildFile; fileRef = BD4D507815BDE19C007D6E3A /* VLMSectionView.m */; };
		BD4D508915BDE19D007D6E3A /* VLMTextButton.m in Sources */ = {isa = PBXBuildFile; fileRef = BD4D507A15BDE19C007D6E3A /* VLMTextButton.m */; };
		BD72B83915BE3AD20083CD4E /* VLMMainViewController.m in Sources */ = {isa = PBXBuildFile; fileRef = BD72B83815BE3AD20083CD4E /* VLMMainViewController.m */; };
		BD72B83F15BE59670083CD4E /* VLMAddButtonController.m in Sources */ = {isa = PBXBuildFile; fileRef = BD72B83E15BE59670083CD4E /* VLMAddButtonController.m */; };
		BD8891DC15C0605400C1615C /* vote_button_selected.png in Resources */ = {isa = PBXBuildFile; fileRef = BD8891DA15C0605400C1615C /* vote_button_selected.png */; };
		BD8891DD15C0605400C1615C /* vote_button_normal.png in Resources */ = {isa = PBXBuildFile; fileRef = BD8891DB15C0605400C1615C /* vote_button_normal.png */; };
		BD90FFF215BE7B6D004621E8 /* subtlenet2.png in Resources */ = {isa = PBXBuildFile; fileRef = BD90FFF115BE7B6D004621E8 /* subtlenet2.png */; };
		BD94B29715C0F73500DCC8DA /* UIPlaceholderTextView.m in Sources */ = {isa = PBXBuildFile; fileRef = BD94B29615C0F73500DCC8DA /* UIPlaceholderTextView.m */; };
		BDC09F3815BF633000349761 /* VLMAddViewController.m in Sources */ = {isa = PBXBuildFile; fileRef = BDC09F3715BF633000349761 /* VLMAddViewController.m */; };
		BDC09F3B15BF79C900349761 /* UINavigationBar+Fat.m in Sources */ = {isa = PBXBuildFile; fileRef = BDC09F3A15BF79C800349761 /* UINavigationBar+Fat.m */; };
		BDC09F3E15BF825100349761 /* UIBarButtonItem+Fat.m in Sources */ = {isa = PBXBuildFile; fileRef = BDC09F3D15BF825100349761 /* UIBarButtonItem+Fat.m */; };
		BDC09F4015BFBDBB00349761 /* gray_header_background.png in Resources */ = {isa = PBXBuildFile; fileRef = BDC09F3F15BFBDBB00349761 /* gray_header_background.png */; };
		BDC09F4715BFC79F00349761 /* left_sample.jpg in Resources */ = {isa = PBXBuildFile; fileRef = BDC09F4515BFC79F00349761 /* left_sample.jpg */; };
		BDC09F4815BFC79F00349761 /* right_sample.jpg in Resources */ = {isa = PBXBuildFile; fileRef = BDC09F4615BFC79F00349761 /* right_sample.jpg */; };
/* End PBXBuildFile section */

/* Begin PBXFileReference section */
		092354B213A1D7EB00DA740F /* CFNetwork.framework */ = {isa = PBXFileReference; lastKnownFileType = wrapper.framework; name = CFNetwork.framework; path = System/Library/Frameworks/CFNetwork.framework; sourceTree = SDKROOT; };
		092354B413A1D7F000DA740F /* SystemConfiguration.framework */ = {isa = PBXFileReference; lastKnownFileType = wrapper.framework; name = SystemConfiguration.framework; path = System/Library/Frameworks/SystemConfiguration.framework; sourceTree = SDKROOT; };
		092354B613A1D83C00DA740F /* MobileCoreServices.framework */ = {isa = PBXFileReference; lastKnownFileType = wrapper.framework; name = MobileCoreServices.framework; path = System/Library/Frameworks/MobileCoreServices.framework; sourceTree = SDKROOT; };
		094AC9FF14367ACD008398F8 /* Parse.framework */ = {isa = PBXFileReference; lastKnownFileType = wrapper.framework; path = Parse.framework; sourceTree = "<group>"; };
		095ACE8513C68EA300566243 /* AudioToolbox.framework */ = {isa = PBXFileReference; lastKnownFileType = wrapper.framework; name = AudioToolbox.framework; path = System/Library/Frameworks/AudioToolbox.framework; sourceTree = SDKROOT; };
		099CCEAC13F9E3760039A464 /* libz.1.1.3.dylib */ = {isa = PBXFileReference; lastKnownFileType = "compiled.mach-o.dylib"; name = libz.1.1.3.dylib; path = usr/lib/libz.1.1.3.dylib; sourceTree = SDKROOT; };
		09ABC06D13A1D52D009C3FCF /* ThisVersusThat.app */ = {isa = PBXFileReference; explicitFileType = wrapper.application; includeInIndex = 0; path = ThisVersusThat.app; sourceTree = BUILT_PRODUCTS_DIR; };
		09ABC07113A1D52D009C3FCF /* UIKit.framework */ = {isa = PBXFileReference; lastKnownFileType = wrapper.framework; name = UIKit.framework; path = System/Library/Frameworks/UIKit.framework; sourceTree = SDKROOT; };
		09ABC07313A1D52D009C3FCF /* Foundation.framework */ = {isa = PBXFileReference; lastKnownFileType = wrapper.framework; name = Foundation.framework; path = System/Library/Frameworks/Foundation.framework; sourceTree = SDKROOT; };
		09BEF34B13D51C3F001BBCDB /* Security.framework */ = {isa = PBXFileReference; lastKnownFileType = wrapper.framework; name = Security.framework; path = System/Library/Frameworks/Security.framework; sourceTree = SDKROOT; };
		2FCDD6AF14A573F500295AAC /* QuartzCore.framework */ = {isa = PBXFileReference; lastKnownFileType = wrapper.framework; name = QuartzCore.framework; path = System/Library/Frameworks/QuartzCore.framework; sourceTree = SDKROOT; };
		743D7B6C157DA60100084B67 /* CoreGraphics.framework */ = {isa = PBXFileReference; lastKnownFileType = wrapper.framework; name = CoreGraphics.framework; path = System/Library/Frameworks/CoreGraphics.framework; sourceTree = SDKROOT; };
		BD4D505F15BDE19C007D6E3A /* AppDelegate.h */ = {isa = PBXFileReference; fileEncoding = 4; lastKnownFileType = sourcecode.c.h; path = AppDelegate.h; sourceTree = "<group>"; };
		BD4D506015BDE19C007D6E3A /* AppDelegate.m */ = {isa = PBXFileReference; fileEncoding = 4; lastKnownFileType = sourcecode.c.objc; path = AppDelegate.m; sourceTree = "<group>"; };
		BD4D506215BDE19C007D6E3A /* en */ = {isa = PBXFileReference; lastKnownFileType = text.plist.strings; name = en; path = en.lproj/InfoPlist.strings; sourceTree = "<group>"; };
		BD4D506415BDE19C007D6E3A /* en */ = {isa = PBXFileReference; lastKnownFileType = file.xib; name = en; path = en.lproj/MainWindow.xib; sourceTree = "<group>"; };
		BD4D506515BDE19C007D6E3A /* Entitlements.plist */ = {isa = PBXFileReference; fileEncoding = 4; lastKnownFileType = text.plist.xml; path = Entitlements.plist; sourceTree = "<group>"; };
		BD4D506615BDE19C007D6E3A /* main.m */ = {isa = PBXFileReference; fileEncoding = 4; lastKnownFileType = sourcecode.c.objc; path = main.m; sourceTree = "<group>"; };
		BD4D506815BDE19C007D6E3A /* column-grid-white_gray@1x.png */ = {isa = PBXFileReference; lastKnownFileType = image.png; path = "column-grid-white_gray@1x.png"; sourceTree = "<group>"; };
		BD4D506915BDE19C007D6E3A /* txture.png */ = {isa = PBXFileReference; lastKnownFileType = image.png; path = txture.png; sourceTree = "<group>"; };
		BD4D506A15BDE19C007D6E3A /* ThisVersusThat-Info.plist */ = {isa = PBXFileReference; fileEncoding = 4; lastKnownFileType = text.plist.xml; path = "ThisVersusThat-Info.plist"; sourceTree = "<group>"; };
		BD4D506B15BDE19C007D6E3A /* ThisVersusThat-Prefix.pch */ = {isa = PBXFileReference; fileEncoding = 4; lastKnownFileType = sourcecode.c.h; path = "ThisVersusThat-Prefix.pch"; sourceTree = "<group>"; };
		BD4D506C15BDE19C007D6E3A /* VLMCell.h */ = {isa = PBXFileReference; fileEncoding = 4; lastKnownFileType = sourcecode.c.h; path = VLMCell.h; sourceTree = "<group>"; };
		BD4D506D15BDE19C007D6E3A /* VLMCell.m */ = {isa = PBXFileReference; fileEncoding = 4; lastKnownFileType = sourcecode.c.objc; path = VLMCell.m; sourceTree = "<group>"; };
		BD4D506E15BDE19C007D6E3A /* VLMConstants.h */ = {isa = PBXFileReference; fileEncoding = 4; lastKnownFileType = sourcecode.c.h; path = VLMConstants.h; sourceTree = "<group>"; };
		BD4D506F15BDE19C007D6E3A /* VLMFeedHeaderController.h */ = {isa = PBXFileReference; fileEncoding = 4; lastKnownFileType = sourcecode.c.h; path = VLMFeedHeaderController.h; sourceTree = "<group>"; };
		BD4D507015BDE19C007D6E3A /* VLMFeedHeaderController.m */ = {isa = PBXFileReference; fileEncoding = 4; lastKnownFileType = sourcecode.c.objc; path = VLMFeedHeaderController.m; sourceTree = "<group>"; };
		BD4D507115BDE19C007D6E3A /* VLMFeedTableViewController.h */ = {isa = PBXFileReference; fileEncoding = 4; lastKnownFileType = sourcecode.c.h; path = VLMFeedTableViewController.h; sourceTree = "<group>"; };
		BD4D507215BDE19C007D6E3A /* VLMFeedTableViewController.m */ = {isa = PBXFileReference; fileEncoding = 4; lastKnownFileType = sourcecode.c.objc; path = VLMFeedTableViewController.m; sourceTree = "<group>"; };
		BD4D507315BDE19C007D6E3A /* VLMFeedViewController.h */ = {isa = PBXFileReference; fileEncoding = 4; lastKnownFileType = sourcecode.c.h; path = VLMFeedViewController.h; sourceTree = "<group>"; };
		BD4D507415BDE19C007D6E3A /* VLMFeedViewController.m */ = {isa = PBXFileReference; fileEncoding = 4; lastKnownFileType = sourcecode.c.objc; path = VLMFeedViewController.m; sourceTree = "<group>"; };
		BD4D507515BDE19C007D6E3A /* VLMFooterController.h */ = {isa = PBXFileReference; fileEncoding = 4; lastKnownFileType = sourcecode.c.h; path = VLMFooterController.h; sourceTree = "<group>"; };
		BD4D507615BDE19C007D6E3A /* VLMFooterController.m */ = {isa = PBXFileReference; fileEncoding = 4; lastKnownFileType = sourcecode.c.objc; path = VLMFooterController.m; sourceTree = "<group>"; };
		BD4D507715BDE19C007D6E3A /* VLMSectionView.h */ = {isa = PBXFileReference; fileEncoding = 4; lastKnownFileType = sourcecode.c.h; path = VLMSectionView.h; sourceTree = "<group>"; };
		BD4D507815BDE19C007D6E3A /* VLMSectionView.m */ = {isa = PBXFileReference; fileEncoding = 4; lastKnownFileType = sourcecode.c.objc; path = VLMSectionView.m; sourceTree = "<group>"; };
		BD4D507915BDE19C007D6E3A /* VLMTextButton.h */ = {isa = PBXFileReference; fileEncoding = 4; lastKnownFileType = sourcecode.c.h; path = VLMTextButton.h; sourceTree = "<group>"; };
		BD4D507A15BDE19C007D6E3A /* VLMTextButton.m */ = {isa = PBXFileReference; fileEncoding = 4; lastKnownFileType = sourcecode.c.objc; path = VLMTextButton.m; sourceTree = "<group>"; };
		BD72B83715BE3AD20083CD4E /* VLMMainViewController.h */ = {isa = PBXFileReference; fileEncoding = 4; lastKnownFileType = sourcecode.c.h; path = VLMMainViewController.h; sourceTree = "<group>"; };
		BD72B83815BE3AD20083CD4E /* VLMMainViewController.m */ = {isa = PBXFileReference; fileEncoding = 4; lastKnownFileType = sourcecode.c.objc; path = VLMMainViewController.m; sourceTree = "<group>"; };
		BD72B83D15BE59670083CD4E /* VLMAddButtonController.h */ = {isa = PBXFileReference; fileEncoding = 4; lastKnownFileType = sourcecode.c.h; path = VLMAddButtonController.h; sourceTree = "<group>"; };
		BD72B83E15BE59670083CD4E /* VLMAddButtonController.m */ = {isa = PBXFileReference; fileEncoding = 4; lastKnownFileType = sourcecode.c.objc; path = VLMAddButtonController.m; sourceTree = "<group>"; };
		BD8891DA15C0605400C1615C /* vote_button_selected.png */ = {isa = PBXFileReference; lastKnownFileType = image.png; path = vote_button_selected.png; sourceTree = "<group>"; };
		BD8891DB15C0605400C1615C /* vote_button_normal.png */ = {isa = PBXFileReference; lastKnownFileType = image.png; path = vote_button_normal.png; sourceTree = "<group>"; };
		BD90FFF115BE7B6D004621E8 /* subtlenet2.png */ = {isa = PBXFileReference; lastKnownFileType = image.png; path = subtlenet2.png; sourceTree = "<group>"; };
		BD94B29515C0F73400DCC8DA /* UIPlaceholderTextView.h */ = {isa = PBXFileReference; fileEncoding = 4; lastKnownFileType = sourcecode.c.h; path = UIPlaceholderTextView.h; sourceTree = "<group>"; };
		BD94B29615C0F73500DCC8DA /* UIPlaceholderTextView.m */ = {isa = PBXFileReference; fileEncoding = 4; lastKnownFileType = sourcecode.c.objc; path = UIPlaceholderTextView.m; sourceTree = "<group>"; };
		BDC09F3615BF632F00349761 /* VLMAddViewController.h */ = {isa = PBXFileReference; fileEncoding = 4; lastKnownFileType = sourcecode.c.h; path = VLMAddViewController.h; sourceTree = "<group>"; };
		BDC09F3715BF633000349761 /* VLMAddViewController.m */ = {isa = PBXFileReference; fileEncoding = 4; lastKnownFileType = sourcecode.c.objc; path = VLMAddViewController.m; sourceTree = "<group>"; };
		BDC09F3915BF79C800349761 /* UINavigationBar+Fat.h */ = {isa = PBXFileReference; fileEncoding = 4; lastKnownFileType = sourcecode.c.h; path = "UINavigationBar+Fat.h"; sourceTree = "<group>"; };
		BDC09F3A15BF79C800349761 /* UINavigationBar+Fat.m */ = {isa = PBXFileReference; fileEncoding = 4; lastKnownFileType = sourcecode.c.objc; path = "UINavigationBar+Fat.m"; sourceTree = "<group>"; };
		BDC09F3C15BF825100349761 /* UIBarButtonItem+Fat.h */ = {isa = PBXFileReference; fileEncoding = 4; lastKnownFileType = sourcecode.c.h; path = "UIBarButtonItem+Fat.h"; sourceTree = "<group>"; };
		BDC09F3D15BF825100349761 /* UIBarButtonItem+Fat.m */ = {isa = PBXFileReference; fileEncoding = 4; lastKnownFileType = sourcecode.c.objc; path = "UIBarButtonItem+Fat.m"; sourceTree = "<group>"; };
		BDC09F3F15BFBDBB00349761 /* gray_header_background.png */ = {isa = PBXFileReference; lastKnownFileType = image.png; path = gray_header_background.png; sourceTree = "<group>"; };
		BDC09F4515BFC79F00349761 /* left_sample.jpg */ = {isa = PBXFileReference; lastKnownFileType = image.jpeg; path = left_sample.jpg; sourceTree = "<group>"; };
		BDC09F4615BFC79F00349761 /* right_sample.jpg */ = {isa = PBXFileReference; lastKnownFileType = image.jpeg; path = right_sample.jpg; sourceTree = "<group>"; };
/* End PBXFileReference section */

/* Begin PBXFrameworksBuildPhase section */
		09ABC06A13A1D52D009C3FCF /* Frameworks */ = {
			isa = PBXFrameworksBuildPhase;
			buildActionMask = 2147483647;
			files = (
				743D7B6D157DA60100084B67 /* CoreGraphics.framework in Frameworks */,
				2FCDD6B014A573F500295AAC /* QuartzCore.framework in Frameworks */,
				099CCEAD13F9E3760039A464 /* libz.1.1.3.dylib in Frameworks */,
				09BEF34C13D51C3F001BBCDB /* Security.framework in Frameworks */,
				095ACE8613C68EA300566243 /* AudioToolbox.framework in Frameworks */,
				092354B713A1D83C00DA740F /* MobileCoreServices.framework in Frameworks */,
				092354B513A1D7F000DA740F /* SystemConfiguration.framework in Frameworks */,
				092354B313A1D7EB00DA740F /* CFNetwork.framework in Frameworks */,
				09ABC07213A1D52D009C3FCF /* UIKit.framework in Frameworks */,
				09ABC07413A1D52D009C3FCF /* Foundation.framework in Frameworks */,
				094ACA0014367ACD008398F8 /* Parse.framework in Frameworks */,
			);
			runOnlyForDeploymentPostprocessing = 0;
		};
/* End PBXFrameworksBuildPhase section */

/* Begin PBXGroup section */
		09ABC06213A1D52D009C3FCF = {
			isa = PBXGroup;
			children = (
				BD4D505E15BDE19C007D6E3A /* ThisVersusThat */,
				09ABC07013A1D52D009C3FCF /* Frameworks */,
				09ABC06E13A1D52D009C3FCF /* Products */,
			);
			sourceTree = "<group>";
		};
		09ABC06E13A1D52D009C3FCF /* Products */ = {
			isa = PBXGroup;
			children = (
				09ABC06D13A1D52D009C3FCF /* ThisVersusThat.app */,
			);
			name = Products;
			sourceTree = "<group>";
		};
		09ABC07013A1D52D009C3FCF /* Frameworks */ = {
			isa = PBXGroup;
			children = (
				095ACE8513C68EA300566243 /* AudioToolbox.framework */,
				092354B213A1D7EB00DA740F /* CFNetwork.framework */,
				743D7B6C157DA60100084B67 /* CoreGraphics.framework */,
				09ABC07313A1D52D009C3FCF /* Foundation.framework */,
				099CCEAC13F9E3760039A464 /* libz.1.1.3.dylib */,
				092354B613A1D83C00DA740F /* MobileCoreServices.framework */,
				094AC9FF14367ACD008398F8 /* Parse.framework */,
				09BEF34B13D51C3F001BBCDB /* Security.framework */,
				092354B413A1D7F000DA740F /* SystemConfiguration.framework */,
				09ABC07113A1D52D009C3FCF /* UIKit.framework */,
				2FCDD6AF14A573F500295AAC /* QuartzCore.framework */,
			);
			name = Frameworks;
			sourceTree = "<group>";
		};
		BD4D505E15BDE19C007D6E3A /* ThisVersusThat */ = {
			isa = PBXGroup;
			children = (
				BD4D508A15BDE2BF007D6E3A /* Classes */,
				BD4D506115BDE19C007D6E3A /* InfoPlist.strings */,
				BD4D506315BDE19C007D6E3A /* MainWindow.xib */,
				BD4D506515BDE19C007D6E3A /* Entitlements.plist */,
				BD4D506615BDE19C007D6E3A /* main.m */,
				BD4D506715BDE19C007D6E3A /* Resources */,
				BD4D506A15BDE19C007D6E3A /* ThisVersusThat-Info.plist */,
				BD4D506B15BDE19C007D6E3A /* ThisVersusThat-Prefix.pch */,
			);
			path = ThisVersusThat;
			sourceTree = "<group>";
		};
		BD4D506715BDE19C007D6E3A /* Resources */ = {
			isa = PBXGroup;
			children = (
				BD8891DA15C0605400C1615C /* vote_button_selected.png */,
				BD8891DB15C0605400C1615C /* vote_button_normal.png */,
				BDC09F4515BFC79F00349761 /* left_sample.jpg */,
				BDC09F4615BFC79F00349761 /* right_sample.jpg */,
				BDC09F3F15BFBDBB00349761 /* gray_header_background.png */,
				BD90FFF115BE7B6D004621E8 /* subtlenet2.png */,
				BD4D506815BDE19C007D6E3A /* column-grid-white_gray@1x.png */,
				BD4D506915BDE19C007D6E3A /* txture.png */,
			);
			path = Resources;
			sourceTree = "<group>";
		};
		BD4D508A15BDE2BF007D6E3A /* Classes */ = {
			isa = PBXGroup;
			children = (
				BD4D506E15BDE19C007D6E3A /* VLMConstants.h */,
				BD4D505F15BDE19C007D6E3A /* AppDelegate.h */,
				BD4D506015BDE19C007D6E3A /* AppDelegate.m */,
				BD72B83715BE3AD20083CD4E /* VLMMainViewController.h */,
				BD72B83815BE3AD20083CD4E /* VLMMainViewController.m */,
				BDB5C6F515C0BEAA0035750D /* Customizations */,
				BD72B83B15BE3FFB0083CD4E /* ViewControllers */,
				BD4D507915BDE19C007D6E3A /* VLMTextButton.h */,
				BD4D507A15BDE19C007D6E3A /* VLMTextButton.m */,
			);
			name = Classes;
			sourceTree = "<group>";
		};
		BD72B83B15BE3FFB0083CD4E /* ViewControllers */ = {
			isa = PBXGroup;
			children = (
				BDC09F2515BF2F0700349761 /* Add */,
				BDC09F2315BF2EFD00349761 /* Feed */,
			);
			name = ViewControllers;
			sourceTree = "<group>";
		};
		BD72B83C15BE401F0083CD4E /* TableView */ = {
			isa = PBXGroup;
			children = (
				BD4D507115BDE19C007D6E3A /* VLMFeedTableViewController.h */,
				BD4D507215BDE19C007D6E3A /* VLMFeedTableViewController.m */,
				BD4D507715BDE19C007D6E3A /* VLMSectionView.h */,
				BD4D507815BDE19C007D6E3A /* VLMSectionView.m */,
				BD4D506C15BDE19C007D6E3A /* VLMCell.h */,
				BD4D506D15BDE19C007D6E3A /* VLMCell.m */,
			);
			name = TableView;
			sourceTree = "<group>";
		};
		BDB5C6F515C0BEAA0035750D /* Customizations */ = {
			isa = PBXGroup;
			children = (
				BDC09F3915BF79C800349761 /* UINavigationBar+Fat.h */,
				BDC09F3A15BF79C800349761 /* UINavigationBar+Fat.m */,
				BDC09F3C15BF825100349761 /* UIBarButtonItem+Fat.h */,
				BDC09F3D15BF825100349761 /* UIBarButtonItem+Fat.m */,
			);
			name = Customizations;
			sourceTree = "<group>";
		};
		BDC09F2315BF2EFD00349761 /* Feed */ = {
			isa = PBXGroup;
			children = (
				BD4D507315BDE19C007D6E3A /* VLMFeedViewController.h */,
				BD4D507415BDE19C007D6E3A /* VLMFeedViewController.m */,
				BD4D506F15BDE19C007D6E3A /* VLMFeedHeaderController.h */,
				BD4D507015BDE19C007D6E3A /* VLMFeedHeaderController.m */,
				BD4D507515BDE19C007D6E3A /* VLMFooterController.h */,
				BD4D507615BDE19C007D6E3A /* VLMFooterController.m */,
				BD72B83C15BE401F0083CD4E /* TableView */,
			);
			name = Feed;
			sourceTree = "<group>";
		};
		BDC09F2515BF2F0700349761 /* Add */ = {
			isa = PBXGroup;
			children = (
				BDC09F3615BF632F00349761 /* VLMAddViewController.h */,
				BDC09F3715BF633000349761 /* VLMAddViewController.m */,
				BD72B83D15BE59670083CD4E /* VLMAddButtonController.h */,
				BD72B83E15BE59670083CD4E /* VLMAddButtonController.m */,
				BD94B29515C0F73400DCC8DA /* UIPlaceholderTextView.h */,
				BD94B29615C0F73500DCC8DA /* UIPlaceholderTextView.m */,
			);
			name = Add;
			sourceTree = "<group>";
		};
/* End PBXGroup section */

/* Begin PBXNativeTarget section */
		09ABC06C13A1D52D009C3FCF /* ThisVersusThat */ = {
			isa = PBXNativeTarget;
			buildConfigurationList = 09ABC08E13A1D52E009C3FCF /* Build configuration list for PBXNativeTarget "ThisVersusThat" */;
			buildPhases = (
				09ABC06913A1D52D009C3FCF /* Sources */,
				09ABC06A13A1D52D009C3FCF /* Frameworks */,
				09ABC06B13A1D52D009C3FCF /* Resources */,
			);
			buildRules = (
			);
			dependencies = (
			);
			name = ThisVersusThat;
			productName = ParseStarterProject;
			productReference = 09ABC06D13A1D52D009C3FCF /* ThisVersusThat.app */;
			productType = "com.apple.product-type.application";
		};
/* End PBXNativeTarget section */

/* Begin PBXProject section */
		09ABC06413A1D52D009C3FCF /* Project object */ = {
			isa = PBXProject;
			attributes = {
				LastUpgradeCheck = 0430;
			};
			buildConfigurationList = 09ABC06713A1D52D009C3FCF /* Build configuration list for PBXProject "ThisVersusThat" */;
			compatibilityVersion = "Xcode 3.2";
			developmentRegion = English;
			hasScannedForEncodings = 0;
			knownRegions = (
				en,
			);
			mainGroup = 09ABC06213A1D52D009C3FCF;
			productRefGroup = 09ABC06E13A1D52D009C3FCF /* Products */;
			projectDirPath = "";
			projectRoot = "";
			targets = (
				09ABC06C13A1D52D009C3FCF /* ThisVersusThat */,
			);
		};
/* End PBXProject section */

/* Begin PBXResourcesBuildPhase section */
		09ABC06B13A1D52D009C3FCF /* Resources */ = {
			isa = PBXResourcesBuildPhase;
			buildActionMask = 2147483647;
			files = (
				BD4D507C15BDE19C007D6E3A /* InfoPlist.strings in Resources */,
				BD4D507D15BDE19D007D6E3A /* MainWindow.xib in Resources */,
				BD4D507E15BDE19D007D6E3A /* Entitlements.plist in Resources */,
				BD4D508015BDE19D007D6E3A /* column-grid-white_gray@1x.png in Resources */,
				BD4D508115BDE19D007D6E3A /* txture.png in Resources */,
				BD90FFF215BE7B6D004621E8 /* subtlenet2.png in Resources */,
				BDC09F4015BFBDBB00349761 /* gray_header_background.png in Resources */,
				BDC09F4715BFC79F00349761 /* left_sample.jpg in Resources */,
				BDC09F4815BFC79F00349761 /* right_sample.jpg in Resources */,
				BD8891DC15C0605400C1615C /* vote_button_selected.png in Resources */,
				BD8891DD15C0605400C1615C /* vote_button_normal.png in Resources */,
			);
			runOnlyForDeploymentPostprocessing = 0;
		};
/* End PBXResourcesBuildPhase section */

/* Begin PBXSourcesBuildPhase section */
		09ABC06913A1D52D009C3FCF /* Sources */ = {
			isa = PBXSourcesBuildPhase;
			buildActionMask = 2147483647;
			files = (
				BD4D507B15BDE19C007D6E3A /* AppDelegate.m in Sources */,
				BD4D507F15BDE19D007D6E3A /* main.m in Sources */,
				BD4D508315BDE19D007D6E3A /* VLMCell.m in Sources */,
				BD4D508415BDE19D007D6E3A /* VLMFeedHeaderController.m in Sources */,
				BD4D508515BDE19D007D6E3A /* VLMFeedTableViewController.m in Sources */,
				BD4D508615BDE19D007D6E3A /* VLMFeedViewController.m in Sources */,
				BD4D508715BDE19D007D6E3A /* VLMFooterController.m in Sources */,
				BD4D508815BDE19D007D6E3A /* VLMSectionView.m in Sources */,
				BD4D508915BDE19D007D6E3A /* VLMTextButton.m in Sources */,
				BD72B83915BE3AD20083CD4E /* VLMMainViewController.m in Sources */,
				BD72B83F15BE59670083CD4E /* VLMAddButtonController.m in Sources */,
				BDC09F3815BF633000349761 /* VLMAddViewController.m in Sources */,
				BDC09F3B15BF79C900349761 /* UINavigationBar+Fat.m in Sources */,
				BDC09F3E15BF825100349761 /* UIBarButtonItem+Fat.m in Sources */,
				BD94B29715C0F73500DCC8DA /* UIPlaceholderTextView.m in Sources */,
			);
			runOnlyForDeploymentPostprocessing = 0;
		};
/* End PBXSourcesBuildPhase section */

/* Begin PBXVariantGroup section */
		BD4D506115BDE19C007D6E3A /* InfoPlist.strings */ = {
			isa = PBXVariantGroup;
			children = (
				BD4D506215BDE19C007D6E3A /* en */,
			);
			name = InfoPlist.strings;
			sourceTree = "<group>";
		};
		BD4D506315BDE19C007D6E3A /* MainWindow.xib */ = {
			isa = PBXVariantGroup;
			children = (
				BD4D506415BDE19C007D6E3A /* en */,
			);
			name = MainWindow.xib;
			sourceTree = "<group>";
		};
/* End PBXVariantGroup section */

/* Begin XCBuildConfiguration section */
		09ABC08C13A1D52E009C3FCF /* Debug */ = {
			isa = XCBuildConfiguration;
			buildSettings = {
				ARCHS = "$(ARCHS_STANDARD_32_BIT)";
				CODE_SIGN_IDENTITY = "";
				"CODE_SIGN_IDENTITY[sdk=iphoneos*]" = "";
				GCC_C_LANGUAGE_STANDARD = gnu99;
				GCC_OPTIMIZATION_LEVEL = 0;
				GCC_PREPROCESSOR_DEFINITIONS = DEBUG;
				GCC_SYMBOLS_PRIVATE_EXTERN = NO;
				GCC_VERSION = com.apple.compilers.llvm.clang.1_0;
				GCC_WARN_ABOUT_RETURN_TYPE = YES;
				GCC_WARN_UNUSED_VARIABLE = YES;
				IPHONEOS_DEPLOYMENT_TARGET = 4.3;
				SDKROOT = iphoneos;
			};
			name = Debug;
		};
		09ABC08D13A1D52E009C3FCF /* Release */ = {
			isa = XCBuildConfiguration;
			buildSettings = {
				ARCHS = "$(ARCHS_STANDARD_32_BIT)";
				CODE_SIGN_IDENTITY = "";
				"CODE_SIGN_IDENTITY[sdk=iphoneos*]" = "";
				GCC_C_LANGUAGE_STANDARD = gnu99;
				GCC_VERSION = com.apple.compilers.llvm.clang.1_0;
				GCC_WARN_ABOUT_RETURN_TYPE = YES;
				GCC_WARN_UNUSED_VARIABLE = YES;
				IPHONEOS_DEPLOYMENT_TARGET = 4.3;
				OTHER_CFLAGS = "-DNS_BLOCK_ASSERTIONS=1";
				SDKROOT = iphoneos;
			};
			name = Release;
		};
		09ABC08F13A1D52E009C3FCF /* Debug */ = {
			isa = XCBuildConfiguration;
			buildSettings = {
				ALWAYS_SEARCH_USER_PATHS = NO;
				CLANG_ENABLE_OBJC_ARC = YES;
				CODE_SIGN_IDENTITY = "iPhone Developer: david lu (D6GE537VAV)";
				COPY_PHASE_STRIP = NO;
				FRAMEWORK_SEARCH_PATHS = (
					"$(inherited)",
					"\"$(SRCROOT)\"",
				);
				GCC_DYNAMIC_NO_PIC = NO;
				GCC_PRECOMPILE_PREFIX_HEADER = YES;
				GCC_PREFIX_HEADER = "ThisVersusThat/ThisVersusThat-Prefix.pch";
				GCC_VERSION = com.apple.compilers.llvm.clang.1_0;
				INFOPLIST_FILE = "ThisVersusThat/ThisVersusThat-Info.plist";
				PRODUCT_NAME = ThisVersusThat;
				PROVISIONING_PROFILE = "C8BB3426-068A-488B-A742-841779F4955F";
				WRAPPER_EXTENSION = app;
			};
			name = Debug;
		};
		09ABC09013A1D52E009C3FCF /* Release */ = {
			isa = XCBuildConfiguration;
			buildSettings = {
				ALWAYS_SEARCH_USER_PATHS = NO;
				CLANG_ENABLE_OBJC_ARC = YES;
				CODE_SIGN_IDENTITY = "iPhone Developer: david lu (D6GE537VAV)";
				COPY_PHASE_STRIP = YES;
				FRAMEWORK_SEARCH_PATHS = (
					"$(inherited)",
					"\"$(SRCROOT)\"",
				);
				GCC_PRECOMPILE_PREFIX_HEADER = YES;
				GCC_PREFIX_HEADER = "ThisVersusThat/ThisVersusThat-Prefix.pch";
				GCC_VERSION = com.apple.compilers.llvm.clang.1_0;
				INFOPLIST_FILE = "ThisVersusThat/ThisVersusThat-Info.plist";
				PRODUCT_NAME = ThisVersusThat;
				PROVISIONING_PROFILE = "C8BB3426-068A-488B-A742-841779F4955F";
				VALIDATE_PRODUCT = YES;
				WRAPPER_EXTENSION = app;
			};
			name = Release;
		};
/* End XCBuildConfiguration section */

/* Begin XCConfigurationList section */
		09ABC06713A1D52D009C3FCF /* Build configuration list for PBXProject "ThisVersusThat" */ = {
			isa = XCConfigurationList;
			buildConfigurations = (
				09ABC08C13A1D52E009C3FCF /* Debug */,
				09ABC08D13A1D52E009C3FCF /* Release */,
			);
			defaultConfigurationIsVisible = 0;
			defaultConfigurationName = Release;
		};
		09ABC08E13A1D52E009C3FCF /* Build configuration list for PBXNativeTarget "ThisVersusThat" */ = {
			isa = XCConfigurationList;
			buildConfigurations = (
				09ABC08F13A1D52E009C3FCF /* Debug */,
				09ABC09013A1D52E009C3FCF /* Release */,
			);
			defaultConfigurationIsVisible = 0;
			defaultConfigurationName = Release;
		};
/* End XCConfigurationList section */
	};
	rootObject = 09ABC06413A1D52D009C3FCF /* Project object */;
}
